{
  "originHash" : "2c5fdf732a37860122bdbe3c71baf1644fa6260baa52213aa7035f4b8a88756a",
  "pins" : [
    {
      "identity" : "snowplow-ios-tracker",
      "kind" : "remoteSourceControl",
      "location" : "https://github.com/snowplow/snowplow-ios-tracker",
      "state" : {
        "revision" : "b87e249097f9df7ac8b152a977b9ed5a5b243163",
        "version" : "6.0.2"
      }
    },
    {
      "identity" : "sqlite.swift",
      "kind" : "remoteSourceControl",
      "location" : "https://github.com/stephencelis/SQLite.swift.git",
      "state" : {
        "revision" : "f0af5e0a2b6917ae38e3019e3456fd0fa9365864",
        "version" : "0.15.1"
      }
    },
    {
      "identity" : "swiftui-cached-async-image",
      "kind" : "remoteSourceControl",
      "location" : "https://github.com/lorenzofiamingo/swiftui-cached-async-image",
      "state" : {
        "revision" : "467a3d17479887943ab917a379e62bbaff60ac8a",
        "version" : "2.1.1"
      }
    },
    {
      "identity" : "tocropviewcontroller",
      "kind" : "remoteSourceControl",
      "location" : "https://github.com/TimOliver/TOCropViewController.git",
      "state" : {
        "revision" : "98527150c27eef8b695482c9b4ad5bdab1b1cb2b",
        "version" : "3.1.2"
      }
    }
  ],
  "version" : 3
}
