// !$*UTF8*$!
{
	archiveVersion = 1;
	classes = {
	};
	objectVersion = 56;
	objects = {

/* Begin PBXBuildFile section */
		13070CA82A053EC700A2046D /* Operation.swift in Sources */ = {isa = PBXBuildFile; fileRef = 13070CA72A053EC700A2046D /* Operation.swift */; };
		130C04A22A39B36F00677BC2 /* NavigationDestination.swift in Sources */ = {isa = PBXBuildFile; fileRef = 130C04A12A39B36F00677BC2 /* NavigationDestination.swift */; };
		1315655A29CDF92F00D34499 /* CGFloat+Dimensions.swift in Sources */ = {isa = PBXBuildFile; fileRef = 1315655929CDF92F00D34499 /* CGFloat+Dimensions.swift */; };
		131E786629C9BB25000DF928 /* Assets.xcassets in Resources */ = {isa = PBXBuildFile; fileRef = 131E786529C9BB25000DF928 /* Assets.xcassets */; };
		131E786929C9BB25000DF928 /* Preview Assets.xcassets in Resources */ = {isa = PBXBuildFile; fileRef = 131E786829C9BB25000DF928 /* Preview Assets.xcassets */; };
		132A91412A2DCF6C00AC405C /* Map+Extensions.swift in Sources */ = {isa = PBXBuildFile; fileRef = 132A91402A2DCF6C00AC405C /* Map+Extensions.swift */; };
		132A91432A2DD52100AC405C /* CoordinatesView.swift in Sources */ = {isa = PBXBuildFile; fileRef = 132A91422A2DD52100AC405C /* CoordinatesView.swift */; };
		132B0D9629CDD5C500B80C9E /* Font+Lato.swift in Sources */ = {isa = PBXBuildFile; fileRef = 132B0D9529CDD5C500B80C9E /* Font+Lato.swift */; };
		132B0D9B29CDD78600B80C9E /* lato_black.ttf in Resources */ = {isa = PBXBuildFile; fileRef = 132B0D9829CDD78600B80C9E /* lato_black.ttf */; };
		132B0D9C29CDD78600B80C9E /* lato_regular.ttf in Resources */ = {isa = PBXBuildFile; fileRef = 132B0D9929CDD78600B80C9E /* lato_regular.ttf */; };
		132B0D9D29CDD78600B80C9E /* lato_italic.ttf in Resources */ = {isa = PBXBuildFile; fileRef = 132B0D9A29CDD78600B80C9E /* lato_italic.ttf */; };
		13316BD729C9F3860077292B /* PickSpeciesListView.swift in Sources */ = {isa = PBXBuildFile; fileRef = 13316BD629C9F3860077292B /* PickSpeciesListView.swift */; };
		13316BD929C9F4150077292B /* Species.swift in Sources */ = {isa = PBXBuildFile; fileRef = 13316BD829C9F4150077292B /* Species.swift */; };
		13316BDB29C9F6030077292B /* SpeciesListFilter.swift in Sources */ = {isa = PBXBuildFile; fileRef = 13316BDA29C9F6030077292B /* SpeciesListFilter.swift */; };
		13316BDD29C9F85F0077292B /* SpeciesListViewModel.swift in Sources */ = {isa = PBXBuildFile; fileRef = 13316BDC29C9F85F0077292B /* SpeciesListViewModel.swift */; };
		13316BE029C9FAF80077292B /* SQLite in Frameworks */ = {isa = PBXBuildFile; productRef = 13316BDF29C9FAF80077292B /* SQLite */; };
		13316BE429CA13E00077292B /* strapi-db.sqlite3 in Resources */ = {isa = PBXBuildFile; fileRef = 13316BE329CA13E00077292B /* strapi-db.sqlite3 */; };
		1337159A2A8CFBC2009E31E0 /* HttpErrorViewModel.swift in Sources */ = {isa = PBXBuildFile; fileRef = 133715992A8CFBC2009E31E0 /* HttpErrorViewModel.swift */; };
		1337D96D2A7A982700712B8F /* SpeciesResultView.swift in Sources */ = {isa = PBXBuildFile; fileRef = 1337D96C2A7A982700712B8F /* SpeciesResultView.swift */; };
		133B39202A40517200D48617 /* SelectSpeciesView.swift in Sources */ = {isa = PBXBuildFile; fileRef = 133B391F2A40517200D48617 /* SelectSpeciesView.swift */; };
		133B39222A40598C00D48617 /* Connection+SpeciesDB.swift in Sources */ = {isa = PBXBuildFile; fileRef = 133B39212A40598C00D48617 /* Connection+SpeciesDB.swift */; };
		133B39242A4069BD00D48617 /* SelectSpeciesViewModel.swift in Sources */ = {isa = PBXBuildFile; fileRef = 133B39232A4069BD00D48617 /* SelectSpeciesViewModel.swift */; };
		133B39262A407B2D00D48617 /* PlantIdView.swift in Sources */ = {isa = PBXBuildFile; fileRef = 133B39252A407B2D00D48617 /* PlantIdView.swift */; };
		133B392A2A4081A000D48617 /* NBImage.swift in Sources */ = {isa = PBXBuildFile; fileRef = 133B39292A4081A000D48617 /* NBImage.swift */; };
		1343D1C929DD94870075ACE3 /* HttpError.swift in Sources */ = {isa = PBXBuildFile; fileRef = 1343D1C829DD94870075ACE3 /* HttpError.swift */; };
		1343D1CB29DD94F50075ACE3 /* BackendClient.swift in Sources */ = {isa = PBXBuildFile; fileRef = 1343D1CA29DD94F50075ACE3 /* BackendClient.swift */; };
		1343D1D329DD988D0075ACE3 /* ZonedDateTimeDecoderTest.swift in Sources */ = {isa = PBXBuildFile; fileRef = 1343D1D229DD988D0075ACE3 /* ZonedDateTimeDecoderTest.swift */; };
		1343D1DB29DD991B0075ACE3 /* ZonedDateTime.swift in Sources */ = {isa = PBXBuildFile; fileRef = 1343D1DA29DD991B0075ACE3 /* ZonedDateTime.swift */; };
		134B72B12A04FB6B00C1DCAD /* ObservationRequest.swift in Sources */ = {isa = PBXBuildFile; fileRef = 134B72B02A04FB6B00C1DCAD /* ObservationRequest.swift */; };
		134B72B32A04FBA300C1DCAD /* SyncInfo.swift in Sources */ = {isa = PBXBuildFile; fileRef = 134B72B22A04FBA300C1DCAD /* SyncInfo.swift */; };
		134B72B52A05348000C1DCAD /* PatchOperation.swift in Sources */ = {isa = PBXBuildFile; fileRef = 134B72B42A05348000C1DCAD /* PatchOperation.swift */; };
		134B72B72A053A6300C1DCAD /* CreateData.swift in Sources */ = {isa = PBXBuildFile; fileRef = 134B72B62A053A6300C1DCAD /* CreateData.swift */; };
		134C75A72A2F32650046EEE4 /* IndividualsView.swift in Sources */ = {isa = PBXBuildFile; fileRef = 134C75A62A2F32650046EEE4 /* IndividualsView.swift */; };
		134C75A92A2F513E0046EEE4 /* BirdRecorderView.swift in Sources */ = {isa = PBXBuildFile; fileRef = 134C75A82A2F513E0046EEE4 /* BirdRecorderView.swift */; };
		134C75AB2A2F515C0046EEE4 /* BirdRecorderViewModel.swift in Sources */ = {isa = PBXBuildFile; fileRef = 134C75AA2A2F515C0046EEE4 /* BirdRecorderViewModel.swift */; };
		134F54902A5EB60F00A079EC /* UploadOperation.swift in Sources */ = {isa = PBXBuildFile; fileRef = 134F548F2A5EB60F00A079EC /* UploadOperation.swift */; };
		134F54922A5EB67B00A079EC /* MimeType.swift in Sources */ = {isa = PBXBuildFile; fileRef = 134F54912A5EB67B00A079EC /* MimeType.swift */; };
		134F54942A5ED78E00A079EC /* CGFloat+Constants.swift in Sources */ = {isa = PBXBuildFile; fileRef = 134F54932A5ED78E00A079EC /* CGFloat+Constants.swift */; };
		134F54962A5EDC3600A079EC /* UUID+Media.swift in Sources */ = {isa = PBXBuildFile; fileRef = 134F54952A5EDC3600A079EC /* UUID+Media.swift */; };
		134F54982A5EDC8100A079EC /* URL+SupportDir.swift in Sources */ = {isa = PBXBuildFile; fileRef = 134F54972A5EDC8100A079EC /* URL+SupportDir.swift */; };
		13535CEB2A77CFB600501DFA /* SpeciesListView.swift in Sources */ = {isa = PBXBuildFile; fileRef = 13535CEA2A77CFB600501DFA /* SpeciesListView.swift */; };
		13535CED2A77E4FE00501DFA /* SpeciesInfoView.swift in Sources */ = {isa = PBXBuildFile; fileRef = 13535CEC2A77E4FE00501DFA /* SpeciesInfoView.swift */; };
		13561BE32A7937F700968A03 /* Behavior.swift in Sources */ = {isa = PBXBuildFile; fileRef = 13561BE22A7937F700968A03 /* Behavior.swift */; };
		135E682F29EE805700192C4A /* ObservationListItemView.swift in Sources */ = {isa = PBXBuildFile; fileRef = 135E682E29EE805700192C4A /* ObservationListItemView.swift */; };
		1366FA952A654B8500436EF1 /* Observation.swift in Sources */ = {isa = PBXBuildFile; fileRef = 1366FA942A654B8500436EF1 /* Observation.swift */; };
		1367AA412A41AEB3006E0ACB /* CGSize+Dimensions.swift in Sources */ = {isa = PBXBuildFile; fileRef = 1367AA402A41AEB3006E0ACB /* CGSize+Dimensions.swift */; };
		1368E2C42A374406001A2970 /* CreateFlowView.swift in Sources */ = {isa = PBXBuildFile; fileRef = 1368E2C32A374406001A2970 /* CreateFlowView.swift */; };
		136C118B29D6E66E00805628 /* BottomSheet in Frameworks */ = {isa = PBXBuildFile; productRef = 136C118A29D6E66E00805628 /* BottomSheet */; };
		136CC95829E97ED700FF56A0 /* ObservationPersistenceController.swift in Sources */ = {isa = PBXBuildFile; fileRef = 136CC95729E97ED700FF56A0 /* ObservationPersistenceController.swift */; };
		136D908029D18BBE00A00BD4 /* Portrait.swift in Sources */ = {isa = PBXBuildFile; fileRef = 136D907F29D18BBE00A00BD4 /* Portrait.swift */; };
		136DFAB929F96E6500C8B8FF /* CreateObservationView.swift in Sources */ = {isa = PBXBuildFile; fileRef = 136DFAB829F96E6500C8B8FF /* CreateObservationView.swift */; };
		136DFABB29F9752100C8B8FF /* NBEditText.swift in Sources */ = {isa = PBXBuildFile; fileRef = 136DFABA29F9752100C8B8FF /* NBEditText.swift */; };
		13709A832A7CFE2600B81108 /* FullscreenView.swift in Sources */ = {isa = PBXBuildFile; fileRef = 13709A822A7CFE2600B81108 /* FullscreenView.swift */; };
		13709A852A7D1C0E00B81108 /* FABView.swift in Sources */ = {isa = PBXBuildFile; fileRef = 13709A842A7D1C0E00B81108 /* FABView.swift */; };
		13743F6A2A6803AA00ABCCB1 /* Image+Style.swift in Sources */ = {isa = PBXBuildFile; fileRef = 13743F692A6803AA00ABCCB1 /* Image+Style.swift */; };
		13743F6C2A68116100ABCCB1 /* UIGraphicsImageRendererFormat+noScale.swift in Sources */ = {isa = PBXBuildFile; fileRef = 13743F6B2A68116100ABCCB1 /* UIGraphicsImageRendererFormat+noScale.swift */; };
		137690012A3093D30076F93A /* BirdIdView.swift in Sources */ = {isa = PBXBuildFile; fileRef = 137690002A3093D30076F93A /* BirdIdView.swift */; };
		137690032A30946F0076F93A /* SpectrogramView.swift in Sources */ = {isa = PBXBuildFile; fileRef = 137690022A30946F0076F93A /* SpectrogramView.swift */; };
		137690052A30A7740076F93A /* BirdIdViewModel.swift in Sources */ = {isa = PBXBuildFile; fileRef = 137690042A30A7740076F93A /* BirdIdViewModel.swift */; };
		137690072A30D3F40076F93A /* NBSound.swift in Sources */ = {isa = PBXBuildFile; fileRef = 137690062A30D3F40076F93A /* NBSound.swift */; };
		137690092A30DC5A0076F93A /* LocalFileDownloader.swift in Sources */ = {isa = PBXBuildFile; fileRef = 137690082A30DC5A0076F93A /* LocalFileDownloader.swift */; };
		137ACD2A2A6171A000C370CF /* ImageData.swift in Sources */ = {isa = PBXBuildFile; fileRef = 137ACD292A6171A000C370CF /* ImageData.swift */; };
		137ACD2C2A6171BD00C370CF /* SoundData.swift in Sources */ = {isa = PBXBuildFile; fileRef = 137ACD2B2A6171BD00C370CF /* SoundData.swift */; };
		137FE58529E5964100B397DF /* DBObservation.swift in Sources */ = {isa = PBXBuildFile; fileRef = 137FE58429E5964100B397DF /* DBObservation.swift */; };
		137FE58729E5996800B397DF /* ObsType.swift in Sources */ = {isa = PBXBuildFile; fileRef = 137FE58629E5996800B397DF /* ObsType.swift */; };
		137FE58E29E5AC1C00B397DF /* ObservationResponse.swift in Sources */ = {isa = PBXBuildFile; fileRef = 137FE58D29E5AC1C00B397DF /* ObservationResponse.swift */; };
		137FE59029E5B3A500B397DF /* NSMutableData+append.swift in Sources */ = {isa = PBXBuildFile; fileRef = 137FE58F29E5B3A500B397DF /* NSMutableData+append.swift */; };
		13A2923129D2DC3C00AF772A /* Generated.xcassets in Resources */ = {isa = PBXBuildFile; fileRef = 13A2923029D2DC3C00AF772A /* Generated.xcassets */; };
		13A2923429D3110C00AF772A /* CharactersView.swift in Sources */ = {isa = PBXBuildFile; fileRef = 13A2923329D3110C00AF772A /* CharactersView.swift */; };
		13A2923629D3114500AF772A /* CharacterView.swift in Sources */ = {isa = PBXBuildFile; fileRef = 13A2923529D3114500AF772A /* CharacterView.swift */; };
		13A2923829D3116200AF772A /* CharacterValueView.swift in Sources */ = {isa = PBXBuildFile; fileRef = 13A2923729D3116200AF772A /* CharacterValueView.swift */; };
		13A2923A29D3123700AF772A /* Character.swift in Sources */ = {isa = PBXBuildFile; fileRef = 13A2923929D3123700AF772A /* Character.swift */; };
		13A2923C29D317A300AF772A /* CharacterValue.swift in Sources */ = {isa = PBXBuildFile; fileRef = 13A2923B29D317A300AF772A /* CharacterValue.swift */; };
		13A2923E29D33D3600AF772A /* CharactersViewModel.swift in Sources */ = {isa = PBXBuildFile; fileRef = 13A2923D29D33D3600AF772A /* CharactersViewModel.swift */; };
		13A70A8E29CB05EE006A1E08 /* SpeciesListItemView.swift in Sources */ = {isa = PBXBuildFile; fileRef = 13A70A8D29CB05EE006A1E08 /* SpeciesListItemView.swift */; };
		13B686AA2A0902D1001FD28F /* ObservationView.swift in Sources */ = {isa = PBXBuildFile; fileRef = 13B686A92A0902D1001FD28F /* ObservationView.swift */; };
		13B686AC2A09055C001FD28F /* EditData.swift in Sources */ = {isa = PBXBuildFile; fileRef = 13B686AB2A09055C001FD28F /* EditData.swift */; };
		13B686AE2A091951001FD28F /* Formatter.swift in Sources */ = {isa = PBXBuildFile; fileRef = 13B686AD2A091951001FD28F /* Formatter.swift */; };
		13B686B02A093A75001FD28F /* EditObservationView.swift in Sources */ = {isa = PBXBuildFile; fileRef = 13B686AF2A093A75001FD28F /* EditObservationView.swift */; };
		13B686B22A09410A001FD28F /* Coordinates.swift in Sources */ = {isa = PBXBuildFile; fileRef = 13B686B12A09410A001FD28F /* Coordinates.swift */; };
		13C880FF2A98BB91007DEC0B /* NaturblickAppDelegate.swift in Sources */ = {isa = PBXBuildFile; fileRef = 13C880FE2A98BB91007DEC0B /* NaturblickAppDelegate.swift */; };
		13C881012A98BC07007DEC0B /* NaturblickSceneDelegate.swift in Sources */ = {isa = PBXBuildFile; fileRef = 13C881002A98BC07007DEC0B /* NaturblickSceneDelegate.swift */; };
		13EC571B29DC3F9200D56A77 /* SpeciesListItem.swift in Sources */ = {isa = PBXBuildFile; fileRef = 13EC571A29DC3F9200D56A77 /* SpeciesListItem.swift */; };
		13EC572129DC80AD00D56A77 /* ObservationListItemWithImageView.swift in Sources */ = {isa = PBXBuildFile; fileRef = 13EC572029DC80AD00D56A77 /* ObservationListItemWithImageView.swift */; };
		13EC572329DC83E900D56A77 /* ObservationListView.swift in Sources */ = {isa = PBXBuildFile; fileRef = 13EC572229DC83E900D56A77 /* ObservationListView.swift */; };
		13EC572529DC86D600D56A77 /* EdgeInsets+Dimensions.swift in Sources */ = {isa = PBXBuildFile; fileRef = 13EC572429DC86D600D56A77 /* EdgeInsets+Dimensions.swift */; };
		13F08DE12A9F674600874264 /* NavigatableView.swift in Sources */ = {isa = PBXBuildFile; fileRef = 13F08DE02A9F674600874264 /* NavigatableView.swift */; };
		13F9789529CB3F1D0031D124 /* Configuration.swift in Sources */ = {isa = PBXBuildFile; fileRef = 13F9789429CB3F1D0031D124 /* Configuration.swift */; };
		13FCE0BE2A01122B00C3B995 /* CreateOperation.swift in Sources */ = {isa = PBXBuildFile; fileRef = 13FCE0BD2A01122B00C3B995 /* CreateOperation.swift */; };
		7B02E4DA2A4993DF006406A1 /* Settings.swift in Sources */ = {isa = PBXBuildFile; fileRef = 7B02E4D92A4993DF006406A1 /* Settings.swift */; };
		7B0FF7C62A0133EE005674E0 /* Coordinator.swift in Sources */ = {isa = PBXBuildFile; fileRef = 7B0FF7C52A0133EE005674E0 /* Coordinator.swift */; };
		7B0FF7C82A0139D3005674E0 /* ImagePickerView.swift in Sources */ = {isa = PBXBuildFile; fileRef = 7B0FF7C72A0139D3005674E0 /* ImagePickerView.swift */; };
		7B13663929F0122600F1DA30 /* SoundStreamController.swift in Sources */ = {isa = PBXBuildFile; fileRef = 7B13663829F0122600F1DA30 /* SoundStreamController.swift */; };
		7B2E70662A2F671900164C85 /* AboutView.swift in Sources */ = {isa = PBXBuildFile; fileRef = 7B2E70652A2F671900164C85 /* AboutView.swift */; };
		7B572DD92A6E758F008F50C5 /* Thumbnail.swift in Sources */ = {isa = PBXBuildFile; fileRef = 7B572DD82A6E758F008F50C5 /* Thumbnail.swift */; };
		7B572DDB2A6E9F65008F50C5 /* String+MD5.swift in Sources */ = {isa = PBXBuildFile; fileRef = 7B572DDA2A6E9F65008F50C5 /* String+MD5.swift */; };
		7B8008F229D5B66B00950839 /* PortraitImage.swift in Sources */ = {isa = PBXBuildFile; fileRef = 7B8008F129D5B66B00950839 /* PortraitImage.swift */; };
		7B83703529E98EA10075D9F5 /* ColorTestView.swift in Sources */ = {isa = PBXBuildFile; fileRef = 7B83703429E98EA10075D9F5 /* ColorTestView.swift */; };
		7B8839D829D5749B006CB94E /* PortraitView.swift in Sources */ = {isa = PBXBuildFile; fileRef = 7B8839D729D5749B006CB94E /* PortraitView.swift */; };
		7B8839DA29D5762D006CB94E /* PortraitViewModel.swift in Sources */ = {isa = PBXBuildFile; fileRef = 7B8839D929D5762D006CB94E /* PortraitViewModel.swift */; };
		7B993F4929F16C3D0023315B /* SoundButton.swift in Sources */ = {isa = PBXBuildFile; fileRef = 7B993F4829F16C3D0023315B /* SoundButton.swift */; };
		7BA037BD29D6C8BB00804AFE /* GoodToKnowView.swift in Sources */ = {isa = PBXBuildFile; fileRef = 7BA037BC29D6C8BB00804AFE /* GoodToKnowView.swift */; };
		7BA037BF29D6C8E300804AFE /* GoodToKnow.swift in Sources */ = {isa = PBXBuildFile; fileRef = 7BA037BE29D6C8E300804AFE /* GoodToKnow.swift */; };
		7BA037C129D6C9E800804AFE /* GoodToKnowViewModel.swift in Sources */ = {isa = PBXBuildFile; fileRef = 7BA037C029D6C9E800804AFE /* GoodToKnowViewModel.swift */; };
		7BA037C329D6DFF800804AFE /* SimilarSpecies.swift in Sources */ = {isa = PBXBuildFile; fileRef = 7BA037C229D6DFF800804AFE /* SimilarSpecies.swift */; };
		7BA037C529D6E11200804AFE /* SimilarSpeciesViewModel.swift in Sources */ = {isa = PBXBuildFile; fileRef = 7BA037C429D6E11200804AFE /* SimilarSpeciesViewModel.swift */; };
		7BA037C729D6E36E00804AFE /* SimilarSpeciesView.swift in Sources */ = {isa = PBXBuildFile; fileRef = 7BA037C629D6E36E00804AFE /* SimilarSpeciesView.swift */; };
		7BA037C929D7020500804AFE /* PortraitImageMeta.swift in Sources */ = {isa = PBXBuildFile; fileRef = 7BA037C829D7020500804AFE /* PortraitImageMeta.swift */; };
		7BA037CB29D703B600804AFE /* PortraitImageViewModel.swift in Sources */ = {isa = PBXBuildFile; fileRef = 7BA037CA29D703B600804AFE /* PortraitImageViewModel.swift */; };
		7BA037CD29D705D200804AFE /* PortraitImageView.swift in Sources */ = {isa = PBXBuildFile; fileRef = 7BA037CC29D705D200804AFE /* PortraitImageView.swift */; };
		7BA4DA122A73EC5600AEC0A4 /* HelpView.swift in Sources */ = {isa = PBXBuildFile; fileRef = 7BA4DA112A73EC5600AEC0A4 /* HelpView.swift */; };
		7BAC5BC82A8F629400160DEC /* DeleteOperation.swift in Sources */ = {isa = PBXBuildFile; fileRef = 7BAC5BC72A8F629400160DEC /* DeleteOperation.swift */; };
		7BAFDA572A580800005D8B20 /* View+mail.swift in Sources */ = {isa = PBXBuildFile; fileRef = 7BAFDA562A580800005D8B20 /* View+mail.swift */; };
		7BB03C352A0CCA9900C3A885 /* HTTPDownloader.swift in Sources */ = {isa = PBXBuildFile; fileRef = 7BB03C342A0CCA9900C3A885 /* HTTPDownloader.swift */; };
		7BB350DB2A2A32A8005065E4 /* Mantis in Frameworks */ = {isa = PBXBuildFile; productRef = 7BB350DA2A2A32A8005065E4 /* Mantis */; };
		7BB3DE1E29F2B0A100F0D387 /* RoundBottomView.swift in Sources */ = {isa = PBXBuildFile; fileRef = 7BB3DE1D29F2B0A100F0D387 /* RoundBottomView.swift */; };
		7BB3DE2029F6695F00F0D387 /* SimilarSpeciesItemView.swift in Sources */ = {isa = PBXBuildFile; fileRef = 7BB3DE1F29F6695F00F0D387 /* SimilarSpeciesItemView.swift */; };
		7BB3DE2329F68D4500F0D387 /* UnambiguousFeature.swift in Sources */ = {isa = PBXBuildFile; fileRef = 7BB3DE2229F68D4500F0D387 /* UnambiguousFeature.swift */; };
		7BB3DE2529F68DC700F0D387 /* UnambiguousFeatureViewModel.swift in Sources */ = {isa = PBXBuildFile; fileRef = 7BB3DE2429F68DC700F0D387 /* UnambiguousFeatureViewModel.swift */; };
		7BB3DE2729F68FE100F0D387 /* SpeciesFeaturesView.swift in Sources */ = {isa = PBXBuildFile; fileRef = 7BB3DE2629F68FE100F0D387 /* SpeciesFeaturesView.swift */; };
		7BB68E482A544B7F00B1DC51 /* RegisterViewModel.swift in Sources */ = {isa = PBXBuildFile; fileRef = 7BB68E472A544B7F00B1DC51 /* RegisterViewModel.swift */; };
		7BB68E4A2A545D5C00B1DC51 /* String+Validations.swift in Sources */ = {isa = PBXBuildFile; fileRef = 7BB68E492A545D5C00B1DC51 /* String+Validations.swift */; };
		7BB777162A612B9100EA844C /* URL+Query.swift in Sources */ = {isa = PBXBuildFile; fileRef = 7BB777152A612B9100EA844C /* URL+Query.swift */; };
		7BBF7AF32A03C2CD00D184FA /* LocationManager.swift in Sources */ = {isa = PBXBuildFile; fileRef = 7BBF7AF22A03C2CD00D184FA /* LocationManager.swift */; };
		7BC11AFE2A4ACD4E00823D4F /* DeleteAccountView.swift in Sources */ = {isa = PBXBuildFile; fileRef = 7BC11AFD2A4ACD4E00823D4F /* DeleteAccountView.swift */; };
		7BC46D762A050BB80020EAC6 /* CameraManager.swift in Sources */ = {isa = PBXBuildFile; fileRef = 7BC46D752A050BB80020EAC6 /* CameraManager.swift */; };
		7BC6100A2A3096A400185BAA /* ImprintView.swift in Sources */ = {isa = PBXBuildFile; fileRef = 7BC610092A3096A400185BAA /* ImprintView.swift */; };
		7BC6100C2A30989900185BAA /* FurtherSourcesView.swift in Sources */ = {isa = PBXBuildFile; fileRef = 7BC6100B2A30989900185BAA /* FurtherSourcesView.swift */; };
		7BC77E852A6A4DCB00B489C2 /* AppSecureStorage.swift in Sources */ = {isa = PBXBuildFile; fileRef = 7BC77E842A6A4DCB00B489C2 /* AppSecureStorage.swift */; };
		7BC77E872A6A4F2700B489C2 /* KeychainWrapper.swift in Sources */ = {isa = PBXBuildFile; fileRef = 7BC77E862A6A4F2700B489C2 /* KeychainWrapper.swift */; };
		7BC77E8A2A6A4FC400B489C2 /* KeychainItemAccessibility.swift in Sources */ = {isa = PBXBuildFile; fileRef = 7BC77E892A6A4FC400B489C2 /* KeychainItemAccessibility.swift */; };
		7BC77E8C2A6AA4A300B489C2 /* SettingsView.swift in Sources */ = {isa = PBXBuildFile; fileRef = 7BC77E8B2A6AA4A300B489C2 /* SettingsView.swift */; };
		7BCBBB5129EEDA07000DD344 /* BaseView.swift in Sources */ = {isa = PBXBuildFile; fileRef = 7BCBBB5029EEDA07000DD344 /* BaseView.swift */; };
		7BCCB4CF2A5D427E0072841B /* ResetPasswordView.swift in Sources */ = {isa = PBXBuildFile; fileRef = 7BCCB4CE2A5D427E0072841B /* ResetPasswordView.swift */; };
		7BCCFD7729F2A62A00C71453 /* Style.swift in Sources */ = {isa = PBXBuildFile; fileRef = 7BCCFD7629F2A62A00C71453 /* Style.swift */; };
		7BCD2E442A2DCF3E0083B310 /* ImageCropper.swift in Sources */ = {isa = PBXBuildFile; fileRef = 7BCD2E432A2DCF3D0083B310 /* ImageCropper.swift */; };
		7BCD2E462A2DCF7E0083B310 /* CustomViewController.swift in Sources */ = {isa = PBXBuildFile; fileRef = 7BCD2E452A2DCF7E0083B310 /* CustomViewController.swift */; };
		7BCD2E482A2DFBE30083B310 /* MenuView.swift in Sources */ = {isa = PBXBuildFile; fileRef = 7BCD2E472A2DFBE30083B310 /* MenuView.swift */; };
		7BCE46B429C9DAFE00C6C101 /* GroupsView.swift in Sources */ = {isa = PBXBuildFile; fileRef = 7BCE46AB29C9DAFE00C6C101 /* GroupsView.swift */; };
		7BCE46B629C9DAFE00C6C101 /* HomeView.swift in Sources */ = {isa = PBXBuildFile; fileRef = 7BCE46AD29C9DAFE00C6C101 /* HomeView.swift */; };
		7BCE46B729C9DAFE00C6C101 /* HomeViewButton.swift in Sources */ = {isa = PBXBuildFile; fileRef = 7BCE46AE29C9DAFE00C6C101 /* HomeViewButton.swift */; };
		7BCE46BA29C9DAFE00C6C101 /* GroupButton.swift in Sources */ = {isa = PBXBuildFile; fileRef = 7BCE46B129C9DAFE00C6C101 /* GroupButton.swift */; };
		7BCE46BF29C9DB3700C6C101 /* Group.swift in Sources */ = {isa = PBXBuildFile; fileRef = 7BCE46BE29C9DB3700C6C101 /* Group.swift */; };
		7BCE46C229C9DC7800C6C101 /* Color.swift in Sources */ = {isa = PBXBuildFile; fileRef = 7BCE46C129C9DC7800C6C101 /* Color.swift */; };
		7BCEFCC62A690F4800EAC332 /* UIApplication.swift in Sources */ = {isa = PBXBuildFile; fileRef = 7BCEFCC52A690F4800EAC332 /* UIApplication.swift */; };
		7BCEFCC82A690FC800EAC332 /* UIDevice.swift in Sources */ = {isa = PBXBuildFile; fileRef = 7BCEFCC72A690FC800EAC332 /* UIDevice.swift */; };
		7BD016232A0B723600B07A3E /* MultipartRequest.swift in Sources */ = {isa = PBXBuildFile; fileRef = 7BD016222A0B723600B07A3E /* MultipartRequest.swift */; };
		7BD016252A0B8CC400B07A3E /* Data.swift in Sources */ = {isa = PBXBuildFile; fileRef = 7BD016242A0B8CC400B07A3E /* Data.swift */; };
		7BD016272A0BCE1F00B07A3E /* SpeciesResult.swift in Sources */ = {isa = PBXBuildFile; fileRef = 7BD016262A0BCE1F00B07A3E /* SpeciesResult.swift */; };
		7BD263522A8E654300CB4FE0 /* Sync.swift in Sources */ = {isa = PBXBuildFile; fileRef = 7BD263512A8E654300CB4FE0 /* Sync.swift */; };
		7BDD17E02A45BE84001B9DB4 /* AccountView.swift in Sources */ = {isa = PBXBuildFile; fileRef = 7BDD17DF2A45BE84001B9DB4 /* AccountView.swift */; };
		7BDD17E22A45C397001B9DB4 /* LoginView.swift in Sources */ = {isa = PBXBuildFile; fileRef = 7BDD17E12A45C397001B9DB4 /* LoginView.swift */; };
		7BDD17E42A45C5AA001B9DB4 /* RegisterView.swift in Sources */ = {isa = PBXBuildFile; fileRef = 7BDD17E32A45C5AA001B9DB4 /* RegisterView.swift */; };
		7BDD17E62A45C7C3001B9DB4 /* ForgotPasswordView.swift in Sources */ = {isa = PBXBuildFile; fileRef = 7BDD17E52A45C7C3001B9DB4 /* ForgotPasswordView.swift */; };
		7BDF2D2B2A090EE8002EC35F /* PhotoLibraryManager.swift in Sources */ = {isa = PBXBuildFile; fileRef = 7BDF2D2A2A090EE8002EC35F /* PhotoLibraryManager.swift */; };
/* End PBXBuildFile section */

/* Begin PBXContainerItemProxy section */
		1343D1D429DD988D0075ACE3 /* PBXContainerItemProxy */ = {
			isa = PBXContainerItemProxy;
			containerPortal = 131E785629C9BB24000DF928 /* Project object */;
			proxyType = 1;
			remoteGlobalIDString = 131E785D29C9BB24000DF928;
			remoteInfo = naturblick;
		};
/* End PBXContainerItemProxy section */

/* Begin PBXFileReference section */
		13070CA72A053EC700A2046D /* Operation.swift */ = {isa = PBXFileReference; lastKnownFileType = sourcecode.swift; path = Operation.swift; sourceTree = "<group>"; };
		130C04A12A39B36F00677BC2 /* NavigationDestination.swift */ = {isa = PBXFileReference; lastKnownFileType = sourcecode.swift; path = NavigationDestination.swift; sourceTree = "<group>"; };
		1315655929CDF92F00D34499 /* CGFloat+Dimensions.swift */ = {isa = PBXFileReference; lastKnownFileType = sourcecode.swift; path = "CGFloat+Dimensions.swift"; sourceTree = "<group>"; };
		131E785E29C9BB24000DF928 /* naturblick.app */ = {isa = PBXFileReference; explicitFileType = wrapper.application; includeInIndex = 0; path = naturblick.app; sourceTree = BUILT_PRODUCTS_DIR; };
		131E786529C9BB25000DF928 /* Assets.xcassets */ = {isa = PBXFileReference; lastKnownFileType = folder.assetcatalog; path = Assets.xcassets; sourceTree = "<group>"; };
		131E786829C9BB25000DF928 /* Preview Assets.xcassets */ = {isa = PBXFileReference; lastKnownFileType = folder.assetcatalog; path = "Preview Assets.xcassets"; sourceTree = "<group>"; };
		132A91402A2DCF6C00AC405C /* Map+Extensions.swift */ = {isa = PBXFileReference; lastKnownFileType = sourcecode.swift; path = "Map+Extensions.swift"; sourceTree = "<group>"; };
		132A91422A2DD52100AC405C /* CoordinatesView.swift */ = {isa = PBXFileReference; lastKnownFileType = sourcecode.swift; path = CoordinatesView.swift; sourceTree = "<group>"; };
		132B0D9529CDD5C500B80C9E /* Font+Lato.swift */ = {isa = PBXFileReference; lastKnownFileType = sourcecode.swift; path = "Font+Lato.swift"; sourceTree = "<group>"; };
		132B0D9829CDD78600B80C9E /* lato_black.ttf */ = {isa = PBXFileReference; lastKnownFileType = file; path = lato_black.ttf; sourceTree = "<group>"; };
		132B0D9929CDD78600B80C9E /* lato_regular.ttf */ = {isa = PBXFileReference; lastKnownFileType = file; path = lato_regular.ttf; sourceTree = "<group>"; };
		132B0D9A29CDD78600B80C9E /* lato_italic.ttf */ = {isa = PBXFileReference; lastKnownFileType = file; path = lato_italic.ttf; sourceTree = "<group>"; };
		132B0D9E29CDD90B00B80C9E /* Info.plist */ = {isa = PBXFileReference; lastKnownFileType = text.plist; path = Info.plist; sourceTree = "<group>"; };
		13316BD629C9F3860077292B /* PickSpeciesListView.swift */ = {isa = PBXFileReference; lastKnownFileType = sourcecode.swift; path = PickSpeciesListView.swift; sourceTree = "<group>"; };
		13316BD829C9F4150077292B /* Species.swift */ = {isa = PBXFileReference; lastKnownFileType = sourcecode.swift; path = Species.swift; sourceTree = "<group>"; };
		13316BDA29C9F6030077292B /* SpeciesListFilter.swift */ = {isa = PBXFileReference; lastKnownFileType = sourcecode.swift; path = SpeciesListFilter.swift; sourceTree = "<group>"; };
		13316BDC29C9F85F0077292B /* SpeciesListViewModel.swift */ = {isa = PBXFileReference; lastKnownFileType = sourcecode.swift; path = SpeciesListViewModel.swift; sourceTree = "<group>"; };
		13316BE329CA13E00077292B /* strapi-db.sqlite3 */ = {isa = PBXFileReference; lastKnownFileType = file; path = "strapi-db.sqlite3"; sourceTree = "<group>"; };
		133715992A8CFBC2009E31E0 /* HttpErrorViewModel.swift */ = {isa = PBXFileReference; lastKnownFileType = sourcecode.swift; path = HttpErrorViewModel.swift; sourceTree = "<group>"; };
		1337D96C2A7A982700712B8F /* SpeciesResultView.swift */ = {isa = PBXFileReference; lastKnownFileType = sourcecode.swift; path = SpeciesResultView.swift; sourceTree = "<group>"; };
		133B391F2A40517200D48617 /* SelectSpeciesView.swift */ = {isa = PBXFileReference; lastKnownFileType = sourcecode.swift; path = SelectSpeciesView.swift; sourceTree = "<group>"; };
		133B39212A40598C00D48617 /* Connection+SpeciesDB.swift */ = {isa = PBXFileReference; lastKnownFileType = sourcecode.swift; path = "Connection+SpeciesDB.swift"; sourceTree = "<group>"; };
		133B39232A4069BD00D48617 /* SelectSpeciesViewModel.swift */ = {isa = PBXFileReference; lastKnownFileType = sourcecode.swift; path = SelectSpeciesViewModel.swift; sourceTree = "<group>"; };
		133B39252A407B2D00D48617 /* PlantIdView.swift */ = {isa = PBXFileReference; lastKnownFileType = sourcecode.swift; path = PlantIdView.swift; sourceTree = "<group>"; };
		133B39292A4081A000D48617 /* NBImage.swift */ = {isa = PBXFileReference; lastKnownFileType = sourcecode.swift; path = NBImage.swift; sourceTree = "<group>"; };
		1343D1C629DD944D0075ACE3 /* HTTPDownloader.swift */ = {isa = PBXFileReference; lastKnownFileType = sourcecode.swift; path = HTTPDownloader.swift; sourceTree = "<group>"; };
		1343D1C829DD94870075ACE3 /* HttpError.swift */ = {isa = PBXFileReference; lastKnownFileType = sourcecode.swift; path = HttpError.swift; sourceTree = "<group>"; };
		1343D1CA29DD94F50075ACE3 /* BackendClient.swift */ = {isa = PBXFileReference; lastKnownFileType = sourcecode.swift; path = BackendClient.swift; sourceTree = "<group>"; };
		1343D1D029DD988D0075ACE3 /* naturblickTests.xctest */ = {isa = PBXFileReference; explicitFileType = wrapper.cfbundle; includeInIndex = 0; path = naturblickTests.xctest; sourceTree = BUILT_PRODUCTS_DIR; };
		1343D1D229DD988D0075ACE3 /* ZonedDateTimeDecoderTest.swift */ = {isa = PBXFileReference; lastKnownFileType = sourcecode.swift; path = ZonedDateTimeDecoderTest.swift; sourceTree = "<group>"; };
		1343D1DA29DD991B0075ACE3 /* ZonedDateTime.swift */ = {isa = PBXFileReference; lastKnownFileType = sourcecode.swift; path = ZonedDateTime.swift; sourceTree = "<group>"; };
		134B72B02A04FB6B00C1DCAD /* ObservationRequest.swift */ = {isa = PBXFileReference; lastKnownFileType = sourcecode.swift; path = ObservationRequest.swift; sourceTree = "<group>"; };
		134B72B22A04FBA300C1DCAD /* SyncInfo.swift */ = {isa = PBXFileReference; lastKnownFileType = sourcecode.swift; path = SyncInfo.swift; sourceTree = "<group>"; };
		134B72B42A05348000C1DCAD /* PatchOperation.swift */ = {isa = PBXFileReference; lastKnownFileType = sourcecode.swift; path = PatchOperation.swift; sourceTree = "<group>"; };
		134B72B62A053A6300C1DCAD /* CreateData.swift */ = {isa = PBXFileReference; lastKnownFileType = sourcecode.swift; path = CreateData.swift; sourceTree = "<group>"; };
		134C75A62A2F32650046EEE4 /* IndividualsView.swift */ = {isa = PBXFileReference; lastKnownFileType = sourcecode.swift; path = IndividualsView.swift; sourceTree = "<group>"; };
		134C75A82A2F513E0046EEE4 /* BirdRecorderView.swift */ = {isa = PBXFileReference; lastKnownFileType = sourcecode.swift; path = BirdRecorderView.swift; sourceTree = "<group>"; };
		134C75AA2A2F515C0046EEE4 /* BirdRecorderViewModel.swift */ = {isa = PBXFileReference; lastKnownFileType = sourcecode.swift; path = BirdRecorderViewModel.swift; sourceTree = "<group>"; };
		134F548F2A5EB60F00A079EC /* UploadOperation.swift */ = {isa = PBXFileReference; lastKnownFileType = sourcecode.swift; path = UploadOperation.swift; sourceTree = "<group>"; };
		134F54912A5EB67B00A079EC /* MimeType.swift */ = {isa = PBXFileReference; lastKnownFileType = sourcecode.swift; path = MimeType.swift; sourceTree = "<group>"; };
		134F54932A5ED78E00A079EC /* CGFloat+Constants.swift */ = {isa = PBXFileReference; lastKnownFileType = sourcecode.swift; path = "CGFloat+Constants.swift"; sourceTree = "<group>"; };
		134F54952A5EDC3600A079EC /* UUID+Media.swift */ = {isa = PBXFileReference; lastKnownFileType = sourcecode.swift; path = "UUID+Media.swift"; sourceTree = "<group>"; };
		134F54972A5EDC8100A079EC /* URL+SupportDir.swift */ = {isa = PBXFileReference; lastKnownFileType = sourcecode.swift; path = "URL+SupportDir.swift"; sourceTree = "<group>"; };
		13535CEA2A77CFB600501DFA /* SpeciesListView.swift */ = {isa = PBXFileReference; lastKnownFileType = sourcecode.swift; path = SpeciesListView.swift; sourceTree = "<group>"; };
		13535CEC2A77E4FE00501DFA /* SpeciesInfoView.swift */ = {isa = PBXFileReference; lastKnownFileType = sourcecode.swift; path = SpeciesInfoView.swift; sourceTree = "<group>"; };
		13561BE22A7937F700968A03 /* Behavior.swift */ = {isa = PBXFileReference; lastKnownFileType = sourcecode.swift; path = Behavior.swift; sourceTree = "<group>"; };
		135E682E29EE805700192C4A /* ObservationListItemView.swift */ = {isa = PBXFileReference; lastKnownFileType = sourcecode.swift; path = ObservationListItemView.swift; sourceTree = "<group>"; };
		1366FA942A654B8500436EF1 /* Observation.swift */ = {isa = PBXFileReference; lastKnownFileType = sourcecode.swift; path = Observation.swift; sourceTree = "<group>"; };
		1367AA402A41AEB3006E0ACB /* CGSize+Dimensions.swift */ = {isa = PBXFileReference; lastKnownFileType = sourcecode.swift; path = "CGSize+Dimensions.swift"; sourceTree = "<group>"; };
		1368E2C32A374406001A2970 /* CreateFlowView.swift */ = {isa = PBXFileReference; lastKnownFileType = sourcecode.swift; path = CreateFlowView.swift; sourceTree = "<group>"; };
		136CC95729E97ED700FF56A0 /* ObservationPersistenceController.swift */ = {isa = PBXFileReference; lastKnownFileType = sourcecode.swift; path = ObservationPersistenceController.swift; sourceTree = "<group>"; };
		136D907F29D18BBE00A00BD4 /* Portrait.swift */ = {isa = PBXFileReference; lastKnownFileType = sourcecode.swift; path = Portrait.swift; sourceTree = "<group>"; };
		136DFAB829F96E6500C8B8FF /* CreateObservationView.swift */ = {isa = PBXFileReference; lastKnownFileType = sourcecode.swift; path = CreateObservationView.swift; sourceTree = "<group>"; };
		136DFABA29F9752100C8B8FF /* NBEditText.swift */ = {isa = PBXFileReference; lastKnownFileType = sourcecode.swift; path = NBEditText.swift; sourceTree = "<group>"; };
		13709A822A7CFE2600B81108 /* FullscreenView.swift */ = {isa = PBXFileReference; lastKnownFileType = sourcecode.swift; path = FullscreenView.swift; sourceTree = "<group>"; };
		13709A842A7D1C0E00B81108 /* FABView.swift */ = {isa = PBXFileReference; lastKnownFileType = sourcecode.swift; path = FABView.swift; sourceTree = "<group>"; };
		13743F692A6803AA00ABCCB1 /* Image+Style.swift */ = {isa = PBXFileReference; lastKnownFileType = sourcecode.swift; path = "Image+Style.swift"; sourceTree = "<group>"; };
		13743F6B2A68116100ABCCB1 /* UIGraphicsImageRendererFormat+noScale.swift */ = {isa = PBXFileReference; lastKnownFileType = sourcecode.swift; path = "UIGraphicsImageRendererFormat+noScale.swift"; sourceTree = "<group>"; };
		137690002A3093D30076F93A /* BirdIdView.swift */ = {isa = PBXFileReference; lastKnownFileType = sourcecode.swift; path = BirdIdView.swift; sourceTree = "<group>"; };
		137690022A30946F0076F93A /* SpectrogramView.swift */ = {isa = PBXFileReference; lastKnownFileType = sourcecode.swift; path = SpectrogramView.swift; sourceTree = "<group>"; };
		137690042A30A7740076F93A /* BirdIdViewModel.swift */ = {isa = PBXFileReference; lastKnownFileType = sourcecode.swift; path = BirdIdViewModel.swift; sourceTree = "<group>"; };
		137690062A30D3F40076F93A /* NBSound.swift */ = {isa = PBXFileReference; lastKnownFileType = sourcecode.swift; path = NBSound.swift; sourceTree = "<group>"; };
		137690082A30DC5A0076F93A /* LocalFileDownloader.swift */ = {isa = PBXFileReference; lastKnownFileType = sourcecode.swift; path = LocalFileDownloader.swift; sourceTree = "<group>"; };
		137ACD292A6171A000C370CF /* ImageData.swift */ = {isa = PBXFileReference; lastKnownFileType = sourcecode.swift; path = ImageData.swift; sourceTree = "<group>"; };
		137ACD2B2A6171BD00C370CF /* SoundData.swift */ = {isa = PBXFileReference; lastKnownFileType = sourcecode.swift; path = SoundData.swift; sourceTree = "<group>"; };
		137FE58429E5964100B397DF /* DBObservation.swift */ = {isa = PBXFileReference; lastKnownFileType = sourcecode.swift; path = DBObservation.swift; sourceTree = "<group>"; };
		137FE58629E5996800B397DF /* ObsType.swift */ = {isa = PBXFileReference; lastKnownFileType = sourcecode.swift; path = ObsType.swift; sourceTree = "<group>"; };
		137FE58D29E5AC1C00B397DF /* ObservationResponse.swift */ = {isa = PBXFileReference; lastKnownFileType = sourcecode.swift; path = ObservationResponse.swift; sourceTree = "<group>"; };
		137FE58F29E5B3A500B397DF /* NSMutableData+append.swift */ = {isa = PBXFileReference; lastKnownFileType = sourcecode.swift; path = "NSMutableData+append.swift"; sourceTree = "<group>"; };
		13A2923029D2DC3C00AF772A /* Generated.xcassets */ = {isa = PBXFileReference; lastKnownFileType = folder.assetcatalog; path = Generated.xcassets; sourceTree = "<group>"; };
		13A2923329D3110C00AF772A /* CharactersView.swift */ = {isa = PBXFileReference; lastKnownFileType = sourcecode.swift; path = CharactersView.swift; sourceTree = "<group>"; };
		13A2923529D3114500AF772A /* CharacterView.swift */ = {isa = PBXFileReference; lastKnownFileType = sourcecode.swift; path = CharacterView.swift; sourceTree = "<group>"; };
		13A2923729D3116200AF772A /* CharacterValueView.swift */ = {isa = PBXFileReference; lastKnownFileType = sourcecode.swift; path = CharacterValueView.swift; sourceTree = "<group>"; };
		13A2923929D3123700AF772A /* Character.swift */ = {isa = PBXFileReference; lastKnownFileType = sourcecode.swift; path = Character.swift; sourceTree = "<group>"; };
		13A2923B29D317A300AF772A /* CharacterValue.swift */ = {isa = PBXFileReference; lastKnownFileType = sourcecode.swift; path = CharacterValue.swift; sourceTree = "<group>"; };
		13A2923D29D33D3600AF772A /* CharactersViewModel.swift */ = {isa = PBXFileReference; lastKnownFileType = sourcecode.swift; path = CharactersViewModel.swift; sourceTree = "<group>"; };
		13A70A8D29CB05EE006A1E08 /* SpeciesListItemView.swift */ = {isa = PBXFileReference; lastKnownFileType = sourcecode.swift; path = SpeciesListItemView.swift; sourceTree = "<group>"; };
		13B686A92A0902D1001FD28F /* ObservationView.swift */ = {isa = PBXFileReference; lastKnownFileType = sourcecode.swift; path = ObservationView.swift; sourceTree = "<group>"; };
		13B686AB2A09055C001FD28F /* EditData.swift */ = {isa = PBXFileReference; lastKnownFileType = sourcecode.swift; path = EditData.swift; sourceTree = "<group>"; };
		13B686AD2A091951001FD28F /* Formatter.swift */ = {isa = PBXFileReference; lastKnownFileType = sourcecode.swift; path = Formatter.swift; sourceTree = "<group>"; };
		13B686AF2A093A75001FD28F /* EditObservationView.swift */ = {isa = PBXFileReference; lastKnownFileType = sourcecode.swift; path = EditObservationView.swift; sourceTree = "<group>"; };
		13B686B12A09410A001FD28F /* Coordinates.swift */ = {isa = PBXFileReference; lastKnownFileType = sourcecode.swift; path = Coordinates.swift; sourceTree = "<group>"; };
		13C880FE2A98BB91007DEC0B /* NaturblickAppDelegate.swift */ = {isa = PBXFileReference; lastKnownFileType = sourcecode.swift; path = NaturblickAppDelegate.swift; sourceTree = "<group>"; };
		13C881002A98BC07007DEC0B /* NaturblickSceneDelegate.swift */ = {isa = PBXFileReference; lastKnownFileType = sourcecode.swift; path = NaturblickSceneDelegate.swift; sourceTree = "<group>"; };
		13EC571A29DC3F9200D56A77 /* SpeciesListItem.swift */ = {isa = PBXFileReference; lastKnownFileType = sourcecode.swift; path = SpeciesListItem.swift; sourceTree = "<group>"; };
		13EC572029DC80AD00D56A77 /* ObservationListItemWithImageView.swift */ = {isa = PBXFileReference; lastKnownFileType = sourcecode.swift; path = ObservationListItemWithImageView.swift; sourceTree = "<group>"; };
		13EC572229DC83E900D56A77 /* ObservationListView.swift */ = {isa = PBXFileReference; lastKnownFileType = sourcecode.swift; path = ObservationListView.swift; sourceTree = "<group>"; };
		13EC572429DC86D600D56A77 /* EdgeInsets+Dimensions.swift */ = {isa = PBXFileReference; lastKnownFileType = sourcecode.swift; path = "EdgeInsets+Dimensions.swift"; sourceTree = "<group>"; };
		13F08DE02A9F674600874264 /* NavigatableView.swift */ = {isa = PBXFileReference; lastKnownFileType = sourcecode.swift; path = NavigatableView.swift; sourceTree = "<group>"; };
		13F9789429CB3F1D0031D124 /* Configuration.swift */ = {isa = PBXFileReference; lastKnownFileType = sourcecode.swift; path = Configuration.swift; sourceTree = "<group>"; };
		13FCE0BD2A01122B00C3B995 /* CreateOperation.swift */ = {isa = PBXFileReference; lastKnownFileType = sourcecode.swift; path = CreateOperation.swift; sourceTree = "<group>"; };
		7B02E4D92A4993DF006406A1 /* Settings.swift */ = {isa = PBXFileReference; lastKnownFileType = sourcecode.swift; path = Settings.swift; sourceTree = "<group>"; };
		7B0FF7C52A0133EE005674E0 /* Coordinator.swift */ = {isa = PBXFileReference; lastKnownFileType = sourcecode.swift; path = Coordinator.swift; sourceTree = "<group>"; };
		7B0FF7C72A0139D3005674E0 /* ImagePickerView.swift */ = {isa = PBXFileReference; lastKnownFileType = sourcecode.swift; path = ImagePickerView.swift; sourceTree = "<group>"; };
		7B13663829F0122600F1DA30 /* SoundStreamController.swift */ = {isa = PBXFileReference; lastKnownFileType = sourcecode.swift; path = SoundStreamController.swift; sourceTree = "<group>"; };
		7B2E70652A2F671900164C85 /* AboutView.swift */ = {isa = PBXFileReference; lastKnownFileType = sourcecode.swift; path = AboutView.swift; sourceTree = "<group>"; };
		7B572DD82A6E758F008F50C5 /* Thumbnail.swift */ = {isa = PBXFileReference; lastKnownFileType = sourcecode.swift; path = Thumbnail.swift; sourceTree = "<group>"; };
		7B572DDA2A6E9F65008F50C5 /* String+MD5.swift */ = {isa = PBXFileReference; lastKnownFileType = sourcecode.swift; path = "String+MD5.swift"; sourceTree = "<group>"; };
		7B8008F129D5B66B00950839 /* PortraitImage.swift */ = {isa = PBXFileReference; lastKnownFileType = sourcecode.swift; path = PortraitImage.swift; sourceTree = "<group>"; };
		7B83703429E98EA10075D9F5 /* ColorTestView.swift */ = {isa = PBXFileReference; lastKnownFileType = sourcecode.swift; path = ColorTestView.swift; sourceTree = "<group>"; };
		7B8839D729D5749B006CB94E /* PortraitView.swift */ = {isa = PBXFileReference; lastKnownFileType = sourcecode.swift; path = PortraitView.swift; sourceTree = "<group>"; };
		7B8839D929D5762D006CB94E /* PortraitViewModel.swift */ = {isa = PBXFileReference; lastKnownFileType = sourcecode.swift; path = PortraitViewModel.swift; sourceTree = "<group>"; };
		7B993F4829F16C3D0023315B /* SoundButton.swift */ = {isa = PBXFileReference; lastKnownFileType = sourcecode.swift; path = SoundButton.swift; sourceTree = "<group>"; };
		7BA037BC29D6C8BB00804AFE /* GoodToKnowView.swift */ = {isa = PBXFileReference; lastKnownFileType = sourcecode.swift; path = GoodToKnowView.swift; sourceTree = "<group>"; };
		7BA037BE29D6C8E300804AFE /* GoodToKnow.swift */ = {isa = PBXFileReference; lastKnownFileType = sourcecode.swift; path = GoodToKnow.swift; sourceTree = "<group>"; };
		7BA037C029D6C9E800804AFE /* GoodToKnowViewModel.swift */ = {isa = PBXFileReference; lastKnownFileType = sourcecode.swift; path = GoodToKnowViewModel.swift; sourceTree = "<group>"; };
		7BA037C229D6DFF800804AFE /* SimilarSpecies.swift */ = {isa = PBXFileReference; lastKnownFileType = sourcecode.swift; path = SimilarSpecies.swift; sourceTree = "<group>"; };
		7BA037C429D6E11200804AFE /* SimilarSpeciesViewModel.swift */ = {isa = PBXFileReference; lastKnownFileType = sourcecode.swift; path = SimilarSpeciesViewModel.swift; sourceTree = "<group>"; };
		7BA037C629D6E36E00804AFE /* SimilarSpeciesView.swift */ = {isa = PBXFileReference; lastKnownFileType = sourcecode.swift; path = SimilarSpeciesView.swift; sourceTree = "<group>"; };
		7BA037C829D7020500804AFE /* PortraitImageMeta.swift */ = {isa = PBXFileReference; lastKnownFileType = sourcecode.swift; path = PortraitImageMeta.swift; sourceTree = "<group>"; };
		7BA037CA29D703B600804AFE /* PortraitImageViewModel.swift */ = {isa = PBXFileReference; lastKnownFileType = sourcecode.swift; path = PortraitImageViewModel.swift; sourceTree = "<group>"; };
		7BA037CC29D705D200804AFE /* PortraitImageView.swift */ = {isa = PBXFileReference; lastKnownFileType = sourcecode.swift; path = PortraitImageView.swift; sourceTree = "<group>"; };
		7BA4DA112A73EC5600AEC0A4 /* HelpView.swift */ = {isa = PBXFileReference; lastKnownFileType = sourcecode.swift; path = HelpView.swift; sourceTree = "<group>"; };
		7BAC5BC72A8F629400160DEC /* DeleteOperation.swift */ = {isa = PBXFileReference; lastKnownFileType = sourcecode.swift; path = DeleteOperation.swift; sourceTree = "<group>"; };
		7BAFDA562A580800005D8B20 /* View+mail.swift */ = {isa = PBXFileReference; lastKnownFileType = sourcecode.swift; path = "View+mail.swift"; sourceTree = "<group>"; };
		7BB03C342A0CCA9900C3A885 /* HTTPDownloader.swift */ = {isa = PBXFileReference; lastKnownFileType = sourcecode.swift; path = HTTPDownloader.swift; sourceTree = "<group>"; };
		7BB3DE1D29F2B0A100F0D387 /* RoundBottomView.swift */ = {isa = PBXFileReference; lastKnownFileType = sourcecode.swift; path = RoundBottomView.swift; sourceTree = "<group>"; };
		7BB3DE1F29F6695F00F0D387 /* SimilarSpeciesItemView.swift */ = {isa = PBXFileReference; lastKnownFileType = sourcecode.swift; path = SimilarSpeciesItemView.swift; sourceTree = "<group>"; };
		7BB3DE2229F68D4500F0D387 /* UnambiguousFeature.swift */ = {isa = PBXFileReference; lastKnownFileType = sourcecode.swift; path = UnambiguousFeature.swift; sourceTree = "<group>"; };
		7BB3DE2429F68DC700F0D387 /* UnambiguousFeatureViewModel.swift */ = {isa = PBXFileReference; lastKnownFileType = sourcecode.swift; path = UnambiguousFeatureViewModel.swift; sourceTree = "<group>"; };
		7BB3DE2629F68FE100F0D387 /* SpeciesFeaturesView.swift */ = {isa = PBXFileReference; lastKnownFileType = sourcecode.swift; path = SpeciesFeaturesView.swift; sourceTree = "<group>"; };
		7BB68E472A544B7F00B1DC51 /* RegisterViewModel.swift */ = {isa = PBXFileReference; lastKnownFileType = sourcecode.swift; path = RegisterViewModel.swift; sourceTree = "<group>"; };
		7BB68E492A545D5C00B1DC51 /* String+Validations.swift */ = {isa = PBXFileReference; lastKnownFileType = sourcecode.swift; path = "String+Validations.swift"; sourceTree = "<group>"; };
		7BB777152A612B9100EA844C /* URL+Query.swift */ = {isa = PBXFileReference; lastKnownFileType = sourcecode.swift; path = "URL+Query.swift"; sourceTree = "<group>"; };
		7BBF7AF22A03C2CD00D184FA /* LocationManager.swift */ = {isa = PBXFileReference; lastKnownFileType = sourcecode.swift; path = LocationManager.swift; sourceTree = "<group>"; };
		7BC11AFD2A4ACD4E00823D4F /* DeleteAccountView.swift */ = {isa = PBXFileReference; lastKnownFileType = sourcecode.swift; path = DeleteAccountView.swift; sourceTree = "<group>"; };
		7BC46D752A050BB80020EAC6 /* CameraManager.swift */ = {isa = PBXFileReference; lastKnownFileType = sourcecode.swift; path = CameraManager.swift; sourceTree = "<group>"; };
		7BC610092A3096A400185BAA /* ImprintView.swift */ = {isa = PBXFileReference; lastKnownFileType = sourcecode.swift; path = ImprintView.swift; sourceTree = "<group>"; };
		7BC6100B2A30989900185BAA /* FurtherSourcesView.swift */ = {isa = PBXFileReference; lastKnownFileType = sourcecode.swift; path = FurtherSourcesView.swift; sourceTree = "<group>"; };
		7BC77E842A6A4DCB00B489C2 /* AppSecureStorage.swift */ = {isa = PBXFileReference; lastKnownFileType = sourcecode.swift; path = AppSecureStorage.swift; sourceTree = "<group>"; };
		7BC77E862A6A4F2700B489C2 /* KeychainWrapper.swift */ = {isa = PBXFileReference; lastKnownFileType = sourcecode.swift; path = KeychainWrapper.swift; sourceTree = "<group>"; };
		7BC77E892A6A4FC400B489C2 /* KeychainItemAccessibility.swift */ = {isa = PBXFileReference; lastKnownFileType = sourcecode.swift; path = KeychainItemAccessibility.swift; sourceTree = "<group>"; };
		7BC77E8B2A6AA4A300B489C2 /* SettingsView.swift */ = {isa = PBXFileReference; lastKnownFileType = sourcecode.swift; path = SettingsView.swift; sourceTree = "<group>"; };
		7BCAE7BF2A5BF6A300B27370 /* naturblick.entitlements */ = {isa = PBXFileReference; lastKnownFileType = text.plist.entitlements; path = naturblick.entitlements; sourceTree = "<group>"; };
		7BCBBB5029EEDA07000DD344 /* BaseView.swift */ = {isa = PBXFileReference; lastKnownFileType = sourcecode.swift; path = BaseView.swift; sourceTree = "<group>"; };
		7BCCB4CE2A5D427E0072841B /* ResetPasswordView.swift */ = {isa = PBXFileReference; lastKnownFileType = sourcecode.swift; path = ResetPasswordView.swift; sourceTree = "<group>"; };
		7BCCFD7629F2A62A00C71453 /* Style.swift */ = {isa = PBXFileReference; lastKnownFileType = sourcecode.swift; path = Style.swift; sourceTree = "<group>"; };
		7BCD2E432A2DCF3D0083B310 /* ImageCropper.swift */ = {isa = PBXFileReference; lastKnownFileType = sourcecode.swift; path = ImageCropper.swift; sourceTree = "<group>"; };
		7BCD2E452A2DCF7E0083B310 /* CustomViewController.swift */ = {isa = PBXFileReference; lastKnownFileType = sourcecode.swift; path = CustomViewController.swift; sourceTree = "<group>"; };
		7BCD2E472A2DFBE30083B310 /* MenuView.swift */ = {isa = PBXFileReference; lastKnownFileType = sourcecode.swift; path = MenuView.swift; sourceTree = "<group>"; };
		7BCE46AB29C9DAFE00C6C101 /* GroupsView.swift */ = {isa = PBXFileReference; fileEncoding = 4; lastKnownFileType = sourcecode.swift; path = GroupsView.swift; sourceTree = "<group>"; };
		7BCE46AD29C9DAFE00C6C101 /* HomeView.swift */ = {isa = PBXFileReference; fileEncoding = 4; lastKnownFileType = sourcecode.swift; path = HomeView.swift; sourceTree = "<group>"; };
		7BCE46AE29C9DAFE00C6C101 /* HomeViewButton.swift */ = {isa = PBXFileReference; fileEncoding = 4; lastKnownFileType = sourcecode.swift; path = HomeViewButton.swift; sourceTree = "<group>"; };
		7BCE46B129C9DAFE00C6C101 /* GroupButton.swift */ = {isa = PBXFileReference; fileEncoding = 4; lastKnownFileType = sourcecode.swift; path = GroupButton.swift; sourceTree = "<group>"; };
		7BCE46BE29C9DB3700C6C101 /* Group.swift */ = {isa = PBXFileReference; fileEncoding = 4; lastKnownFileType = sourcecode.swift; path = Group.swift; sourceTree = "<group>"; };
		7BCE46C129C9DC7800C6C101 /* Color.swift */ = {isa = PBXFileReference; fileEncoding = 4; lastKnownFileType = sourcecode.swift; path = Color.swift; sourceTree = "<group>"; };
		7BCEFCC52A690F4800EAC332 /* UIApplication.swift */ = {isa = PBXFileReference; lastKnownFileType = sourcecode.swift; path = UIApplication.swift; sourceTree = "<group>"; };
		7BCEFCC72A690FC800EAC332 /* UIDevice.swift */ = {isa = PBXFileReference; lastKnownFileType = sourcecode.swift; path = UIDevice.swift; sourceTree = "<group>"; };
		7BD016222A0B723600B07A3E /* MultipartRequest.swift */ = {isa = PBXFileReference; lastKnownFileType = sourcecode.swift; path = MultipartRequest.swift; sourceTree = "<group>"; };
		7BD016242A0B8CC400B07A3E /* Data.swift */ = {isa = PBXFileReference; lastKnownFileType = sourcecode.swift; path = Data.swift; sourceTree = "<group>"; };
		7BD016262A0BCE1F00B07A3E /* SpeciesResult.swift */ = {isa = PBXFileReference; lastKnownFileType = sourcecode.swift; path = SpeciesResult.swift; sourceTree = "<group>"; };
		7BD263512A8E654300CB4FE0 /* Sync.swift */ = {isa = PBXFileReference; lastKnownFileType = sourcecode.swift; path = Sync.swift; sourceTree = "<group>"; };
		7BDD17DF2A45BE84001B9DB4 /* AccountView.swift */ = {isa = PBXFileReference; lastKnownFileType = sourcecode.swift; path = AccountView.swift; sourceTree = "<group>"; };
		7BDD17E12A45C397001B9DB4 /* LoginView.swift */ = {isa = PBXFileReference; lastKnownFileType = sourcecode.swift; path = LoginView.swift; sourceTree = "<group>"; };
		7BDD17E32A45C5AA001B9DB4 /* RegisterView.swift */ = {isa = PBXFileReference; lastKnownFileType = sourcecode.swift; path = RegisterView.swift; sourceTree = "<group>"; };
		7BDD17E52A45C7C3001B9DB4 /* ForgotPasswordView.swift */ = {isa = PBXFileReference; lastKnownFileType = sourcecode.swift; path = ForgotPasswordView.swift; sourceTree = "<group>"; };
		7BDF2D2A2A090EE8002EC35F /* PhotoLibraryManager.swift */ = {isa = PBXFileReference; lastKnownFileType = sourcecode.swift; path = PhotoLibraryManager.swift; sourceTree = "<group>"; };
/* End PBXFileReference section */

/* Begin PBXFrameworksBuildPhase section */
		131E785B29C9BB24000DF928 /* Frameworks */ = {
			isa = PBXFrameworksBuildPhase;
			buildActionMask = 2147483647;
			files = (
				7BB350DB2A2A32A8005065E4 /* Mantis in Frameworks */,
				13316BE029C9FAF80077292B /* SQLite in Frameworks */,
				136C118B29D6E66E00805628 /* BottomSheet in Frameworks */,
			);
			runOnlyForDeploymentPostprocessing = 0;
		};
		1343D1CD29DD988D0075ACE3 /* Frameworks */ = {
			isa = PBXFrameworksBuildPhase;
			buildActionMask = 2147483647;
			files = (
			);
			runOnlyForDeploymentPostprocessing = 0;
		};
/* End PBXFrameworksBuildPhase section */

/* Begin PBXGroup section */
		131E785529C9BB24000DF928 = {
			isa = PBXGroup;
			children = (
				131E786029C9BB24000DF928 /* naturblick */,
				1343D1D129DD988D0075ACE3 /* naturblickTests */,
				131E785F29C9BB24000DF928 /* Products */,
				7BD016292A0BF72900B07A3E /* Recovered References */,
				132B0D9729CDD75700B80C9E /* resources */,
			);
			sourceTree = "<group>";
		};
		131E785F29C9BB24000DF928 /* Products */ = {
			isa = PBXGroup;
			children = (
				131E785E29C9BB24000DF928 /* naturblick.app */,
				1343D1D029DD988D0075ACE3 /* naturblickTests.xctest */,
			);
			name = Products;
			sourceTree = "<group>";
		};
		131E786029C9BB24000DF928 /* naturblick */ = {
			isa = PBXGroup;
			children = (
				131E786529C9BB25000DF928 /* Assets.xcassets */,
				13F9789429CB3F1D0031D124 /* Configuration.swift */,
				13A2923029D2DC3C00AF772A /* Generated.xcassets */,
				132B0D9E29CDD90B00B80C9E /* Info.plist */,
				7BBF7AF12A03C2A600D184FA /* manager */,
				7BCE46BD29C9DB1E00C6C101 /* models */,
				7BCAE7BF2A5BF6A300B27370 /* naturblick.entitlements */,
				13C880FE2A98BB91007DEC0B /* NaturblickAppDelegate.swift */,
				131E786729C9BB25000DF928 /* Preview Content */,
				7BCE46C029C9DC5E00C6C101 /* utils */,
				7BCE46A229C9D90300C6C101 /* views */,
				13C881002A98BC07007DEC0B /* NaturblickSceneDelegate.swift */,
			);
			path = naturblick;
			sourceTree = "<group>";
		};
		131E786729C9BB25000DF928 /* Preview Content */ = {
			isa = PBXGroup;
			children = (
				131E786829C9BB25000DF928 /* Preview Assets.xcassets */,
			);
			path = "Preview Content";
			sourceTree = "<group>";
		};
		132B0D9729CDD75700B80C9E /* resources */ = {
			isa = PBXGroup;
			children = (
				132B0D9829CDD78600B80C9E /* lato_black.ttf */,
				132B0D9A29CDD78600B80C9E /* lato_italic.ttf */,
				132B0D9929CDD78600B80C9E /* lato_regular.ttf */,
				13316BE329CA13E00077292B /* strapi-db.sqlite3 */,
			);
			path = resources;
			sourceTree = "<group>";
		};
		1343D1D129DD988D0075ACE3 /* naturblickTests */ = {
			isa = PBXGroup;
			children = (
				1343D1D929DD98D50075ACE3 /* utils */,
			);
			path = naturblickTests;
			sourceTree = "<group>";
		};
		1343D1D929DD98D50075ACE3 /* utils */ = {
			isa = PBXGroup;
			children = (
				1343D1D229DD988D0075ACE3 /* ZonedDateTimeDecoderTest.swift */,
			);
			path = utils;
			sourceTree = "<group>";
		};
		7BBF7AF12A03C2A600D184FA /* manager */ = {
			isa = PBXGroup;
			children = (
				7BBF7AF22A03C2CD00D184FA /* LocationManager.swift */,
				7BC46D752A050BB80020EAC6 /* CameraManager.swift */,
				7BDF2D2A2A090EE8002EC35F /* PhotoLibraryManager.swift */,
			);
			path = manager;
			sourceTree = "<group>";
		};
		7BC77E882A6A4F7A00B489C2 /* secure */ = {
			isa = PBXGroup;
			children = (
				7BC77E842A6A4DCB00B489C2 /* AppSecureStorage.swift */,
				7BC77E862A6A4F2700B489C2 /* KeychainWrapper.swift */,
				7BC77E892A6A4FC400B489C2 /* KeychainItemAccessibility.swift */,
			);
			path = secure;
			sourceTree = "<group>";
		};
		7BCE46A229C9D90300C6C101 /* views */ = {
			isa = PBXGroup;
			children = (
				7B2E70652A2F671900164C85 /* AboutView.swift */,
				7BDD17DF2A45BE84001B9DB4 /* AccountView.swift */,
				7BCBBB5029EEDA07000DD344 /* BaseView.swift */,
				137690002A3093D30076F93A /* BirdIdView.swift */,
				134C75A82A2F513E0046EEE4 /* BirdRecorderView.swift */,
				13A2923329D3110C00AF772A /* CharactersView.swift */,
				13A2923729D3116200AF772A /* CharacterValueView.swift */,
				13A2923529D3114500AF772A /* CharacterView.swift */,
				7B83703429E98EA10075D9F5 /* ColorTestView.swift */,
				132A91422A2DD52100AC405C /* CoordinatesView.swift */,
				1368E2C32A374406001A2970 /* CreateFlowView.swift */,
				136DFAB829F96E6500C8B8FF /* CreateObservationView.swift */,
				7BC11AFD2A4ACD4E00823D4F /* DeleteAccountView.swift */,
				13B686AF2A093A75001FD28F /* EditObservationView.swift */,
				7BDD17E52A45C7C3001B9DB4 /* ForgotPasswordView.swift */,
				7BC6100B2A30989900185BAA /* FurtherSourcesView.swift */,
				7BA037BC29D6C8BB00804AFE /* GoodToKnowView.swift */,
				7BCE46B129C9DAFE00C6C101 /* GroupButton.swift */,
				7BCE46AB29C9DAFE00C6C101 /* GroupsView.swift */,
				7BA4DA112A73EC5600AEC0A4 /* HelpView.swift */,
				7BCE46AD29C9DAFE00C6C101 /* HomeView.swift */,
				7BCE46AE29C9DAFE00C6C101 /* HomeViewButton.swift */,
				7B0FF7C72A0139D3005674E0 /* ImagePickerView.swift */,
				7BC610092A3096A400185BAA /* ImprintView.swift */,
				134C75A62A2F32650046EEE4 /* IndividualsView.swift */,
				7BDD17E12A45C397001B9DB4 /* LoginView.swift */,
				132A91402A2DCF6C00AC405C /* Map+Extensions.swift */,
				7BCD2E472A2DFBE30083B310 /* MenuView.swift */,
				136DFABA29F9752100C8B8FF /* NBEditText.swift */,
				135E682E29EE805700192C4A /* ObservationListItemView.swift */,
				13EC572029DC80AD00D56A77 /* ObservationListItemWithImageView.swift */,
				13EC572229DC83E900D56A77 /* ObservationListView.swift */,
				13B686A92A0902D1001FD28F /* ObservationView.swift */,
				13316BD629C9F3860077292B /* PickSpeciesListView.swift */,
				133B39252A407B2D00D48617 /* PlantIdView.swift */,
				7BA037CC29D705D200804AFE /* PortraitImageView.swift */,
				7B8839D729D5749B006CB94E /* PortraitView.swift */,
				7BDD17E32A45C5AA001B9DB4 /* RegisterView.swift */,
				7BCCB4CE2A5D427E0072841B /* ResetPasswordView.swift */,
				7BB3DE1D29F2B0A100F0D387 /* RoundBottomView.swift */,
				133B391F2A40517200D48617 /* SelectSpeciesView.swift */,
				7BC77E8B2A6AA4A300B489C2 /* SettingsView.swift */,
				7BB3DE1F29F6695F00F0D387 /* SimilarSpeciesItemView.swift */,
				7BA037C629D6E36E00804AFE /* SimilarSpeciesView.swift */,
				7B993F4829F16C3D0023315B /* SoundButton.swift */,
				7BB3DE2629F68FE100F0D387 /* SpeciesFeaturesView.swift */,
				13535CEC2A77E4FE00501DFA /* SpeciesInfoView.swift */,
				13A70A8D29CB05EE006A1E08 /* SpeciesListItemView.swift */,
				13535CEA2A77CFB600501DFA /* SpeciesListView.swift */,
				137690022A30946F0076F93A /* SpectrogramView.swift */,
				7BCCFD7629F2A62A00C71453 /* Style.swift */,
				7B572DD82A6E758F008F50C5 /* Thumbnail.swift */,
				1337D96C2A7A982700712B8F /* SpeciesResultView.swift */,
				13709A822A7CFE2600B81108 /* FullscreenView.swift */,
				13709A842A7D1C0E00B81108 /* FABView.swift */,
				13F08DE02A9F674600874264 /* NavigatableView.swift */,
			);
			path = views;
			sourceTree = "<group>";
		};
		7BCE46BD29C9DB1E00C6C101 /* models */ = {
			isa = PBXGroup;
			children = (
				13561BE22A7937F700968A03 /* Behavior.swift */,
				137690042A30A7740076F93A /* BirdIdViewModel.swift */,
				134C75AA2A2F515C0046EEE4 /* BirdRecorderViewModel.swift */,
				13A2923929D3123700AF772A /* Character.swift */,
				13A2923D29D33D3600AF772A /* CharactersViewModel.swift */,
				13A2923B29D317A300AF772A /* CharacterValue.swift */,
				13B686B12A09410A001FD28F /* Coordinates.swift */,
				134B72B62A053A6300C1DCAD /* CreateData.swift */,
				13FCE0BD2A01122B00C3B995 /* CreateOperation.swift */,
				137FE58429E5964100B397DF /* DBObservation.swift */,
				13B686AB2A09055C001FD28F /* EditData.swift */,
				7BA037BE29D6C8E300804AFE /* GoodToKnow.swift */,
				7BA037C029D6C9E800804AFE /* GoodToKnowViewModel.swift */,
				7BCE46BE29C9DB3700C6C101 /* Group.swift */,
				137ACD292A6171A000C370CF /* ImageData.swift */,
				134F54912A5EB67B00A079EC /* MimeType.swift */,
				130C04A12A39B36F00677BC2 /* NavigationDestination.swift */,
				133B39292A4081A000D48617 /* NBImage.swift */,
				137690062A30D3F40076F93A /* NBSound.swift */,
				1366FA942A654B8500436EF1 /* Observation.swift */,
				134B72B02A04FB6B00C1DCAD /* ObservationRequest.swift */,
				137FE58D29E5AC1C00B397DF /* ObservationResponse.swift */,
				137FE58629E5996800B397DF /* ObsType.swift */,
				13070CA72A053EC700A2046D /* Operation.swift */,
				134B72B42A05348000C1DCAD /* PatchOperation.swift */,
				136D907F29D18BBE00A00BD4 /* Portrait.swift */,
				7B8008F129D5B66B00950839 /* PortraitImage.swift */,
				7BA037C829D7020500804AFE /* PortraitImageMeta.swift */,
				7BA037CA29D703B600804AFE /* PortraitImageViewModel.swift */,
				7B8839D929D5762D006CB94E /* PortraitViewModel.swift */,
				7BB68E472A544B7F00B1DC51 /* RegisterViewModel.swift */,
				133B39232A4069BD00D48617 /* SelectSpeciesViewModel.swift */,
				7BA037C229D6DFF800804AFE /* SimilarSpecies.swift */,
				7BA037C429D6E11200804AFE /* SimilarSpeciesViewModel.swift */,
				137ACD2B2A6171BD00C370CF /* SoundData.swift */,
				13316BD829C9F4150077292B /* Species.swift */,
				13316BDA29C9F6030077292B /* SpeciesListFilter.swift */,
				13EC571A29DC3F9200D56A77 /* SpeciesListItem.swift */,
				13316BDC29C9F85F0077292B /* SpeciesListViewModel.swift */,
				7BD016262A0BCE1F00B07A3E /* SpeciesResult.swift */,
				7BD263512A8E654300CB4FE0 /* Sync.swift */,
				134B72B22A04FBA300C1DCAD /* SyncInfo.swift */,
				7BB3DE2229F68D4500F0D387 /* UnambiguousFeature.swift */,
				7BB3DE2429F68DC700F0D387 /* UnambiguousFeatureViewModel.swift */,
				134F548F2A5EB60F00A079EC /* UploadOperation.swift */,
				1343D1DA29DD991B0075ACE3 /* ZonedDateTime.swift */,
				133715992A8CFBC2009E31E0 /* HttpErrorViewModel.swift */,
				7BAC5BC72A8F629400160DEC /* DeleteOperation.swift */,
			);
			path = models;
			sourceTree = "<group>";
		};
		7BCE46C029C9DC5E00C6C101 /* utils */ = {
			isa = PBXGroup;
			children = (
				1343D1CA29DD94F50075ACE3 /* BackendClient.swift */,
				134F54932A5ED78E00A079EC /* CGFloat+Constants.swift */,
				1315655929CDF92F00D34499 /* CGFloat+Dimensions.swift */,
				1367AA402A41AEB3006E0ACB /* CGSize+Dimensions.swift */,
				7BCE46C129C9DC7800C6C101 /* Color.swift */,
				133B39212A40598C00D48617 /* Connection+SpeciesDB.swift */,
				7B0FF7C52A0133EE005674E0 /* Coordinator.swift */,
				7BCD2E452A2DCF7E0083B310 /* CustomViewController.swift */,
				7BD016242A0B8CC400B07A3E /* Data.swift */,
				13EC572429DC86D600D56A77 /* EdgeInsets+Dimensions.swift */,
				132B0D9529CDD5C500B80C9E /* Font+Lato.swift */,
				13B686AD2A091951001FD28F /* Formatter.swift */,
				7BB03C342A0CCA9900C3A885 /* HTTPDownloader.swift */,
				1343D1C829DD94870075ACE3 /* HttpError.swift */,
				13743F692A6803AA00ABCCB1 /* Image+Style.swift */,
				7BCD2E432A2DCF3D0083B310 /* ImageCropper.swift */,
				137690082A30DC5A0076F93A /* LocalFileDownloader.swift */,
				7BD016222A0B723600B07A3E /* MultipartRequest.swift */,
				137FE58F29E5B3A500B397DF /* NSMutableData+append.swift */,
				136CC95729E97ED700FF56A0 /* ObservationPersistenceController.swift */,
				7BC77E882A6A4F7A00B489C2 /* secure */,
				7B02E4D92A4993DF006406A1 /* Settings.swift */,
				7B13663829F0122600F1DA30 /* SoundStreamController.swift */,
				7BB68E492A545D5C00B1DC51 /* String+Validations.swift */,
				7BCEFCC52A690F4800EAC332 /* UIApplication.swift */,
				7BCEFCC72A690FC800EAC332 /* UIDevice.swift */,
				13743F6B2A68116100ABCCB1 /* UIGraphicsImageRendererFormat+noScale.swift */,
				7BB777152A612B9100EA844C /* URL+Query.swift */,
				134F54972A5EDC8100A079EC /* URL+SupportDir.swift */,
				134F54952A5EDC3600A079EC /* UUID+Media.swift */,
				7BAFDA562A580800005D8B20 /* View+mail.swift */,
				7B572DDA2A6E9F65008F50C5 /* String+MD5.swift */,
			);
			path = utils;
			sourceTree = "<group>";
		};
		7BD016292A0BF72900B07A3E /* Recovered References */ = {
			isa = PBXGroup;
			children = (
				1343D1C629DD944D0075ACE3 /* HTTPDownloader.swift */,
			);
			name = "Recovered References";
			sourceTree = "<group>";
		};
/* End PBXGroup section */

/* Begin PBXNativeTarget section */
		131E785D29C9BB24000DF928 /* naturblick */ = {
			isa = PBXNativeTarget;
			buildConfigurationList = 131E786C29C9BB25000DF928 /* Build configuration list for PBXNativeTarget "naturblick" */;
			buildPhases = (
				131E785A29C9BB24000DF928 /* Sources */,
				131E785B29C9BB24000DF928 /* Frameworks */,
				7BA4DA102A73BD0E00AEC0A4 /* Run Script */,
				131E785C29C9BB24000DF928 /* Resources */,
			);
			buildRules = (
			);
			dependencies = (
			);
			name = naturblick;
			packageProductDependencies = (
				13316BDF29C9FAF80077292B /* SQLite */,
				136C118A29D6E66E00805628 /* BottomSheet */,
				7BB350DA2A2A32A8005065E4 /* Mantis */,
			);
			productName = naturblick;
			productReference = 131E785E29C9BB24000DF928 /* naturblick.app */;
			productType = "com.apple.product-type.application";
		};
		1343D1CF29DD988D0075ACE3 /* naturblickTests */ = {
			isa = PBXNativeTarget;
			buildConfigurationList = 1343D1D629DD988D0075ACE3 /* Build configuration list for PBXNativeTarget "naturblickTests" */;
			buildPhases = (
				1343D1CC29DD988D0075ACE3 /* Sources */,
				1343D1CD29DD988D0075ACE3 /* Frameworks */,
				1343D1CE29DD988D0075ACE3 /* Resources */,
			);
			buildRules = (
			);
			dependencies = (
				1343D1D529DD988D0075ACE3 /* PBXTargetDependency */,
			);
			name = naturblickTests;
			productName = naturblickTests;
			productReference = 1343D1D029DD988D0075ACE3 /* naturblickTests.xctest */;
			productType = "com.apple.product-type.bundle.unit-test";
		};
/* End PBXNativeTarget section */

/* Begin PBXProject section */
		131E785629C9BB24000DF928 /* Project object */ = {
			isa = PBXProject;
			attributes = {
				BuildIndependentTargetsInParallel = 1;
				LastSwiftUpdateCheck = 1410;
				LastUpgradeCheck = 1410;
				TargetAttributes = {
					131E785D29C9BB24000DF928 = {
						CreatedOnToolsVersion = 14.1;
					};
					1343D1CF29DD988D0075ACE3 = {
						CreatedOnToolsVersion = 14.1;
						TestTargetID = 131E785D29C9BB24000DF928;
					};
				};
			};
			buildConfigurationList = 131E785929C9BB24000DF928 /* Build configuration list for PBXProject "naturblick" */;
			compatibilityVersion = "Xcode 14.0";
			developmentRegion = en;
			hasScannedForEncodings = 0;
			knownRegions = (
				en,
				Base,
			);
			mainGroup = 131E785529C9BB24000DF928;
			packageReferences = (
				13BA832A29CB1BAB003FFE07 /* XCRemoteSwiftPackageReference "SwiftLint" */,
				13316BDE29C9FAF80077292B /* XCRemoteSwiftPackageReference "SQLite.swift" */,
				136C118929D6E66E00805628 /* XCRemoteSwiftPackageReference "BottomSheet" */,
				7BB350D92A2A32A8005065E4 /* XCRemoteSwiftPackageReference "Mantis" */,
			);
			productRefGroup = 131E785F29C9BB24000DF928 /* Products */;
			projectDirPath = "";
			projectRoot = "";
			targets = (
				131E785D29C9BB24000DF928 /* naturblick */,
				1343D1CF29DD988D0075ACE3 /* naturblickTests */,
			);
		};
/* End PBXProject section */

/* Begin PBXResourcesBuildPhase section */
		131E785C29C9BB24000DF928 /* Resources */ = {
			isa = PBXResourcesBuildPhase;
			buildActionMask = 2147483647;
			files = (
				13316BE429CA13E00077292B /* strapi-db.sqlite3 in Resources */,
				131E786929C9BB25000DF928 /* Preview Assets.xcassets in Resources */,
				132B0D9D29CDD78600B80C9E /* lato_italic.ttf in Resources */,
				132B0D9B29CDD78600B80C9E /* lato_black.ttf in Resources */,
				131E786629C9BB25000DF928 /* Assets.xcassets in Resources */,
				13A2923129D2DC3C00AF772A /* Generated.xcassets in Resources */,
				132B0D9C29CDD78600B80C9E /* lato_regular.ttf in Resources */,
			);
			runOnlyForDeploymentPostprocessing = 0;
		};
		1343D1CE29DD988D0075ACE3 /* Resources */ = {
			isa = PBXResourcesBuildPhase;
			buildActionMask = 2147483647;
			files = (
			);
			runOnlyForDeploymentPostprocessing = 0;
		};
/* End PBXResourcesBuildPhase section */

/* Begin PBXShellScriptBuildPhase section */
		7BA4DA102A73BD0E00AEC0A4 /* Run Script */ = {
			isa = PBXShellScriptBuildPhase;
			buildActionMask = 2147483647;
			files = (
			);
			inputFileListPaths = (
			);
			inputPaths = (
			);
			name = "Run Script";
			outputFileListPaths = (
			);
			outputPaths = (
			);
			runOnlyForDeploymentPostprocessing = 0;
			shellPath = /bin/sh;
			shellScript = "xcrun --sdk macosx swiftc -parse-as-library GenerateCharacterAssets.swift -o generate_character_assets && ./generate_character_assets\n";
		};
/* End PBXShellScriptBuildPhase section */

/* Begin PBXSourcesBuildPhase section */
		131E785A29C9BB24000DF928 /* Sources */ = {
			isa = PBXSourcesBuildPhase;
			buildActionMask = 2147483647;
			files = (
				7BCD2E482A2DFBE30083B310 /* MenuView.swift in Sources */,
				7B2E70662A2F671900164C85 /* AboutView.swift in Sources */,
				133B39222A40598C00D48617 /* Connection+SpeciesDB.swift in Sources */,
				7BB3DE1E29F2B0A100F0D387 /* RoundBottomView.swift in Sources */,
				133B39242A4069BD00D48617 /* SelectSpeciesViewModel.swift in Sources */,
				13A2923E29D33D3600AF772A /* CharactersViewModel.swift in Sources */,
				7B0FF7C62A0133EE005674E0 /* Coordinator.swift in Sources */,
				137690072A30D3F40076F93A /* NBSound.swift in Sources */,
				134F54922A5EB67B00A079EC /* MimeType.swift in Sources */,
				133B392A2A4081A000D48617 /* NBImage.swift in Sources */,
				1343D1CB29DD94F50075ACE3 /* BackendClient.swift in Sources */,
				134B72B52A05348000C1DCAD /* PatchOperation.swift in Sources */,
				7BDD17E42A45C5AA001B9DB4 /* RegisterView.swift in Sources */,
				7BCE46B429C9DAFE00C6C101 /* GroupsView.swift in Sources */,
				1368E2C42A374406001A2970 /* CreateFlowView.swift in Sources */,
				13B686B22A09410A001FD28F /* Coordinates.swift in Sources */,
				1337159A2A8CFBC2009E31E0 /* HttpErrorViewModel.swift in Sources */,
				13C880FF2A98BB91007DEC0B /* NaturblickAppDelegate.swift in Sources */,
				7BCE46B629C9DAFE00C6C101 /* HomeView.swift in Sources */,
				136CC95829E97ED700FF56A0 /* ObservationPersistenceController.swift in Sources */,
				13A2923629D3114500AF772A /* CharacterView.swift in Sources */,
				7BB777162A612B9100EA844C /* URL+Query.swift in Sources */,
				132B0D9629CDD5C500B80C9E /* Font+Lato.swift in Sources */,
				13EC572129DC80AD00D56A77 /* ObservationListItemWithImageView.swift in Sources */,
				13A2923C29D317A300AF772A /* CharacterValue.swift in Sources */,
				7B572DD92A6E758F008F50C5 /* Thumbnail.swift in Sources */,
				1315655A29CDF92F00D34499 /* CGFloat+Dimensions.swift in Sources */,
				13B686B02A093A75001FD28F /* EditObservationView.swift in Sources */,
				7BCEFCC82A690FC800EAC332 /* UIDevice.swift in Sources */,
				13561BE32A7937F700968A03 /* Behavior.swift in Sources */,
				13A2923429D3110C00AF772A /* CharactersView.swift in Sources */,
				135E682F29EE805700192C4A /* ObservationListItemView.swift in Sources */,
				7BC77E852A6A4DCB00B489C2 /* AppSecureStorage.swift in Sources */,
				13743F6A2A6803AA00ABCCB1 /* Image+Style.swift in Sources */,
				7B8839DA29D5762D006CB94E /* PortraitViewModel.swift in Sources */,
				7BCCB4CF2A5D427E0072841B /* ResetPasswordView.swift in Sources */,
				7BCD2E442A2DCF3E0083B310 /* ImageCropper.swift in Sources */,
				134C75A72A2F32650046EEE4 /* IndividualsView.swift in Sources */,
				13535CED2A77E4FE00501DFA /* SpeciesInfoView.swift in Sources */,
				137690092A30DC5A0076F93A /* LocalFileDownloader.swift in Sources */,
				13FCE0BE2A01122B00C3B995 /* CreateOperation.swift in Sources */,
				7BA037CB29D703B600804AFE /* PortraitImageViewModel.swift in Sources */,
				1343D1DB29DD991B0075ACE3 /* ZonedDateTime.swift in Sources */,
				1315655A29CDF92F00D34499 /* CGFloat+Dimensions.swift in Sources */,
				7BB3DE2529F68DC700F0D387 /* UnambiguousFeatureViewModel.swift in Sources */,
				134B72B72A053A6300C1DCAD /* CreateData.swift in Sources */,
				7BA037BD29D6C8BB00804AFE /* GoodToKnowView.swift in Sources */,
				7BD263522A8E654300CB4FE0 /* Sync.swift in Sources */,
				13316BDD29C9F85F0077292B /* SpeciesListViewModel.swift in Sources */,
				7BCEFCC62A690F4800EAC332 /* UIApplication.swift in Sources */,
				13535CEB2A77CFB600501DFA /* SpeciesListView.swift in Sources */,
				13EC572329DC83E900D56A77 /* ObservationListView.swift in Sources */,
				13070CA82A053EC700A2046D /* Operation.swift in Sources */,
				7B8008F229D5B66B00950839 /* PortraitImage.swift in Sources */,
				136DFABB29F9752100C8B8FF /* NBEditText.swift in Sources */,
				7BCE46BF29C9DB3700C6C101 /* Group.swift in Sources */,
				134C75AB2A2F515C0046EEE4 /* BirdRecorderViewModel.swift in Sources */,
				134F54982A5EDC8100A079EC /* URL+SupportDir.swift in Sources */,
				1343D1C929DD94870075ACE3 /* HttpError.swift in Sources */,
				7B8839D829D5749B006CB94E /* PortraitView.swift in Sources */,
				132A91412A2DCF6C00AC405C /* Map+Extensions.swift in Sources */,
				13F9789529CB3F1D0031D124 /* Configuration.swift in Sources */,
				13C881012A98BC07007DEC0B /* NaturblickSceneDelegate.swift in Sources */,
				7B572DDB2A6E9F65008F50C5 /* String+MD5.swift in Sources */,
				7BC77E8C2A6AA4A300B489C2 /* SettingsView.swift in Sources */,
				7BA037C929D7020500804AFE /* PortraitImageMeta.swift in Sources */,
				130C04A22A39B36F00677BC2 /* NavigationDestination.swift in Sources */,
				13316BD729C9F3860077292B /* PickSpeciesListView.swift in Sources */,
				134F54962A5EDC3600A079EC /* UUID+Media.swift in Sources */,
				13F08DE12A9F674600874264 /* NavigatableView.swift in Sources */,
				137690012A3093D30076F93A /* BirdIdView.swift in Sources */,
				134F54942A5ED78E00A079EC /* CGFloat+Constants.swift in Sources */,
				7BB3DE2329F68D4500F0D387 /* UnambiguousFeature.swift in Sources */,
				7B83703529E98EA10075D9F5 /* ColorTestView.swift in Sources */,
				13709A832A7CFE2600B81108 /* FullscreenView.swift in Sources */,
				7BA037C729D6E36E00804AFE /* SimilarSpeciesView.swift in Sources */,
				7BC77E8A2A6A4FC400B489C2 /* KeychainItemAccessibility.swift in Sources */,
				13B686AA2A0902D1001FD28F /* ObservationView.swift in Sources */,
				134C75A92A2F513E0046EEE4 /* BirdRecorderView.swift in Sources */,
				7BA037BF29D6C8E300804AFE /* GoodToKnow.swift in Sources */,
				7BC6100C2A30989900185BAA /* FurtherSourcesView.swift in Sources */,
				7BB03C352A0CCA9900C3A885 /* HTTPDownloader.swift in Sources */,
				1337D96D2A7A982700712B8F /* SpeciesResultView.swift in Sources */,
				137FE58E29E5AC1C00B397DF /* ObservationResponse.swift in Sources */,
				7BDD17E62A45C7C3001B9DB4 /* ForgotPasswordView.swift in Sources */,
				7BDD17E02A45BE84001B9DB4 /* AccountView.swift in Sources */,
				7BB3DE2729F68FE100F0D387 /* SpeciesFeaturesView.swift in Sources */,
				137ACD2A2A6171A000C370CF /* ImageData.swift in Sources */,
				7B993F4929F16C3D0023315B /* SoundButton.swift in Sources */,
				137FE59029E5B3A500B397DF /* NSMutableData+append.swift in Sources */,
				134B72B32A04FBA300C1DCAD /* SyncInfo.swift in Sources */,
				137FE58529E5964100B397DF /* DBObservation.swift in Sources */,
				7BB3DE2029F6695F00F0D387 /* SimilarSpeciesItemView.swift in Sources */,
				136D908029D18BBE00A00BD4 /* Portrait.swift in Sources */,
				7BC11AFE2A4ACD4E00823D4F /* DeleteAccountView.swift in Sources */,
				132A91432A2DD52100AC405C /* CoordinatesView.swift in Sources */,
				136DFAB929F96E6500C8B8FF /* CreateObservationView.swift in Sources */,
				13709A852A7D1C0E00B81108 /* FABView.swift in Sources */,
				13EC571B29DC3F9200D56A77 /* SpeciesListItem.swift in Sources */,
				7B02E4DA2A4993DF006406A1 /* Settings.swift in Sources */,
				133B39202A40517200D48617 /* SelectSpeciesView.swift in Sources */,
				13743F6C2A68116100ABCCB1 /* UIGraphicsImageRendererFormat+noScale.swift in Sources */,
				7BDF2D2B2A090EE8002EC35F /* PhotoLibraryManager.swift in Sources */,
				137690032A30946F0076F93A /* SpectrogramView.swift in Sources */,
				7BCBBB5129EEDA07000DD344 /* BaseView.swift in Sources */,
				13A2923A29D3123700AF772A /* Character.swift in Sources */,
				7BBF7AF32A03C2CD00D184FA /* LocationManager.swift in Sources */,
				7BD016232A0B723600B07A3E /* MultipartRequest.swift in Sources */,
				7BCD2E462A2DCF7E0083B310 /* CustomViewController.swift in Sources */,
				137FE58729E5996800B397DF /* ObsType.swift in Sources */,
				7BAC5BC82A8F629400160DEC /* DeleteOperation.swift in Sources */,
				137690052A30A7740076F93A /* BirdIdViewModel.swift in Sources */,
				1367AA412A41AEB3006E0ACB /* CGSize+Dimensions.swift in Sources */,
				7BB68E4A2A545D5C00B1DC51 /* String+Validations.swift in Sources */,
				7BA4DA122A73EC5600AEC0A4 /* HelpView.swift in Sources */,
				133B39262A407B2D00D48617 /* PlantIdView.swift in Sources */,
				7BCE46B729C9DAFE00C6C101 /* HomeViewButton.swift in Sources */,
				7BC46D762A050BB80020EAC6 /* CameraManager.swift in Sources */,
				13EC572529DC86D600D56A77 /* EdgeInsets+Dimensions.swift in Sources */,
				7BB68E482A544B7F00B1DC51 /* RegisterViewModel.swift in Sources */,
				7BC77E872A6A4F2700B489C2 /* KeychainWrapper.swift in Sources */,
				7B13663929F0122600F1DA30 /* SoundStreamController.swift in Sources */,
				13A70A8E29CB05EE006A1E08 /* SpeciesListItemView.swift in Sources */,
				7BD016272A0BCE1F00B07A3E /* SpeciesResult.swift in Sources */,
				7BCE46BA29C9DAFE00C6C101 /* GroupButton.swift in Sources */,
				13B686AC2A09055C001FD28F /* EditData.swift in Sources */,
				7BA037C529D6E11200804AFE /* SimilarSpeciesViewModel.swift in Sources */,
				7BA037C129D6C9E800804AFE /* GoodToKnowViewModel.swift in Sources */,
				7BC6100A2A3096A400185BAA /* ImprintView.swift in Sources */,
				13316BDB29C9F6030077292B /* SpeciesListFilter.swift in Sources */,
				7B0FF7C82A0139D3005674E0 /* ImagePickerView.swift in Sources */,
				134B72B12A04FB6B00C1DCAD /* ObservationRequest.swift in Sources */,
				134F54902A5EB60F00A079EC /* UploadOperation.swift in Sources */,
				7BAFDA572A580800005D8B20 /* View+mail.swift in Sources */,
				13B686AE2A091951001FD28F /* Formatter.swift in Sources */,
				137ACD2C2A6171BD00C370CF /* SoundData.swift in Sources */,
				7BCCFD7729F2A62A00C71453 /* Style.swift in Sources */,
				7BA037C329D6DFF800804AFE /* SimilarSpecies.swift in Sources */,
				7BA037CD29D705D200804AFE /* PortraitImageView.swift in Sources */,
				13316BD929C9F4150077292B /* Species.swift in Sources */,
				7BD016252A0B8CC400B07A3E /* Data.swift in Sources */,
				7BDD17E22A45C397001B9DB4 /* LoginView.swift in Sources */,
				7BCE46C229C9DC7800C6C101 /* Color.swift in Sources */,
				1366FA952A654B8500436EF1 /* Observation.swift in Sources */,
				13A2923829D3116200AF772A /* CharacterValueView.swift in Sources */,
			);
			runOnlyForDeploymentPostprocessing = 0;
		};
		1343D1CC29DD988D0075ACE3 /* Sources */ = {
			isa = PBXSourcesBuildPhase;
			buildActionMask = 2147483647;
			files = (
				1343D1D329DD988D0075ACE3 /* ZonedDateTimeDecoderTest.swift in Sources */,
			);
			runOnlyForDeploymentPostprocessing = 0;
		};
/* End PBXSourcesBuildPhase section */

/* Begin PBXTargetDependency section */
		1343D1D529DD988D0075ACE3 /* PBXTargetDependency */ = {
			isa = PBXTargetDependency;
			target = 131E785D29C9BB24000DF928 /* naturblick */;
			targetProxy = 1343D1D429DD988D0075ACE3 /* PBXContainerItemProxy */;
		};
/* End PBXTargetDependency section */

/* Begin XCBuildConfiguration section */
		131E786A29C9BB25000DF928 /* Debug */ = {
			isa = XCBuildConfiguration;
			buildSettings = {
				ALWAYS_SEARCH_USER_PATHS = NO;
				CLANG_ANALYZER_NONNULL = YES;
				CLANG_ANALYZER_NUMBER_OBJECT_CONVERSION = YES_AGGRESSIVE;
				CLANG_CXX_LANGUAGE_STANDARD = "gnu++20";
				CLANG_ENABLE_MODULES = YES;
				CLANG_ENABLE_OBJC_ARC = YES;
				CLANG_ENABLE_OBJC_WEAK = YES;
				CLANG_WARN_BLOCK_CAPTURE_AUTORELEASING = YES;
				CLANG_WARN_BOOL_CONVERSION = YES;
				CLANG_WARN_COMMA = YES;
				CLANG_WARN_CONSTANT_CONVERSION = YES;
				CLANG_WARN_DEPRECATED_OBJC_IMPLEMENTATIONS = YES;
				CLANG_WARN_DIRECT_OBJC_ISA_USAGE = YES_ERROR;
				CLANG_WARN_DOCUMENTATION_COMMENTS = YES;
				CLANG_WARN_EMPTY_BODY = YES;
				CLANG_WARN_ENUM_CONVERSION = YES;
				CLANG_WARN_INFINITE_RECURSION = YES;
				CLANG_WARN_INT_CONVERSION = YES;
				CLANG_WARN_NON_LITERAL_NULL_CONVERSION = YES;
				CLANG_WARN_OBJC_IMPLICIT_RETAIN_SELF = YES;
				CLANG_WARN_OBJC_LITERAL_CONVERSION = YES;
				CLANG_WARN_OBJC_ROOT_CLASS = YES_ERROR;
				CLANG_WARN_QUOTED_INCLUDE_IN_FRAMEWORK_HEADER = YES;
				CLANG_WARN_RANGE_LOOP_ANALYSIS = YES;
				CLANG_WARN_STRICT_PROTOTYPES = YES;
				CLANG_WARN_SUSPICIOUS_MOVE = YES;
				CLANG_WARN_UNGUARDED_AVAILABILITY = YES_AGGRESSIVE;
				CLANG_WARN_UNREACHABLE_CODE = YES;
				CLANG_WARN__DUPLICATE_METHOD_MATCH = YES;
				COPY_PHASE_STRIP = NO;
				DEBUG_INFORMATION_FORMAT = dwarf;
				ENABLE_STRICT_OBJC_MSGSEND = YES;
				ENABLE_TESTABILITY = YES;
				GCC_C_LANGUAGE_STANDARD = gnu11;
				GCC_DYNAMIC_NO_PIC = NO;
				GCC_NO_COMMON_BLOCKS = YES;
				GCC_OPTIMIZATION_LEVEL = 0;
				GCC_PREPROCESSOR_DEFINITIONS = (
					"DEBUG=1",
					"$(inherited)",
				);
				GCC_WARN_64_TO_32_BIT_CONVERSION = YES;
				GCC_WARN_ABOUT_RETURN_TYPE = YES_ERROR;
				GCC_WARN_UNDECLARED_SELECTOR = YES;
				GCC_WARN_UNINITIALIZED_AUTOS = YES_AGGRESSIVE;
				GCC_WARN_UNUSED_FUNCTION = YES;
				GCC_WARN_UNUSED_VARIABLE = YES;
				IPHONEOS_DEPLOYMENT_TARGET = 16.1;
				MTL_ENABLE_DEBUG_INFO = INCLUDE_SOURCE;
				MTL_FAST_MATH = YES;
				ONLY_ACTIVE_ARCH = YES;
				SDKROOT = iphoneos;
				SWIFT_ACTIVE_COMPILATION_CONDITIONS = DEBUG;
				SWIFT_OPTIMIZATION_LEVEL = "-Onone";
			};
			name = Debug;
		};
		131E786B29C9BB25000DF928 /* Release */ = {
			isa = XCBuildConfiguration;
			buildSettings = {
				ALWAYS_SEARCH_USER_PATHS = NO;
				CLANG_ANALYZER_NONNULL = YES;
				CLANG_ANALYZER_NUMBER_OBJECT_CONVERSION = YES_AGGRESSIVE;
				CLANG_CXX_LANGUAGE_STANDARD = "gnu++20";
				CLANG_ENABLE_MODULES = YES;
				CLANG_ENABLE_OBJC_ARC = YES;
				CLANG_ENABLE_OBJC_WEAK = YES;
				CLANG_WARN_BLOCK_CAPTURE_AUTORELEASING = YES;
				CLANG_WARN_BOOL_CONVERSION = YES;
				CLANG_WARN_COMMA = YES;
				CLANG_WARN_CONSTANT_CONVERSION = YES;
				CLANG_WARN_DEPRECATED_OBJC_IMPLEMENTATIONS = YES;
				CLANG_WARN_DIRECT_OBJC_ISA_USAGE = YES_ERROR;
				CLANG_WARN_DOCUMENTATION_COMMENTS = YES;
				CLANG_WARN_EMPTY_BODY = YES;
				CLANG_WARN_ENUM_CONVERSION = YES;
				CLANG_WARN_INFINITE_RECURSION = YES;
				CLANG_WARN_INT_CONVERSION = YES;
				CLANG_WARN_NON_LITERAL_NULL_CONVERSION = YES;
				CLANG_WARN_OBJC_IMPLICIT_RETAIN_SELF = YES;
				CLANG_WARN_OBJC_LITERAL_CONVERSION = YES;
				CLANG_WARN_OBJC_ROOT_CLASS = YES_ERROR;
				CLANG_WARN_QUOTED_INCLUDE_IN_FRAMEWORK_HEADER = YES;
				CLANG_WARN_RANGE_LOOP_ANALYSIS = YES;
				CLANG_WARN_STRICT_PROTOTYPES = YES;
				CLANG_WARN_SUSPICIOUS_MOVE = YES;
				CLANG_WARN_UNGUARDED_AVAILABILITY = YES_AGGRESSIVE;
				CLANG_WARN_UNREACHABLE_CODE = YES;
				CLANG_WARN__DUPLICATE_METHOD_MATCH = YES;
				COPY_PHASE_STRIP = NO;
				DEBUG_INFORMATION_FORMAT = "dwarf-with-dsym";
				ENABLE_NS_ASSERTIONS = NO;
				ENABLE_STRICT_OBJC_MSGSEND = YES;
				GCC_C_LANGUAGE_STANDARD = gnu11;
				GCC_NO_COMMON_BLOCKS = YES;
				GCC_WARN_64_TO_32_BIT_CONVERSION = YES;
				GCC_WARN_ABOUT_RETURN_TYPE = YES_ERROR;
				GCC_WARN_UNDECLARED_SELECTOR = YES;
				GCC_WARN_UNINITIALIZED_AUTOS = YES_AGGRESSIVE;
				GCC_WARN_UNUSED_FUNCTION = YES;
				GCC_WARN_UNUSED_VARIABLE = YES;
				IPHONEOS_DEPLOYMENT_TARGET = 16.1;
				MTL_ENABLE_DEBUG_INFO = NO;
				MTL_FAST_MATH = YES;
				SDKROOT = iphoneos;
				SWIFT_COMPILATION_MODE = wholemodule;
				SWIFT_OPTIMIZATION_LEVEL = "-O";
				VALIDATE_PRODUCT = YES;
			};
			name = Release;
		};
		131E786D29C9BB25000DF928 /* Debug */ = {
			isa = XCBuildConfiguration;
			buildSettings = {
				ASSETCATALOG_COMPILER_APPICON_NAME = AppIcon;
				ASSETCATALOG_COMPILER_GLOBAL_ACCENT_COLOR_NAME = AccentColor;
				CODE_SIGN_ENTITLEMENTS = naturblick/naturblick.entitlements;
				CODE_SIGN_IDENTITY = "Apple Development";
				CODE_SIGN_STYLE = Automatic;
				CURRENT_PROJECT_VERSION = 1;
				DEVELOPMENT_ASSET_PATHS = "\"naturblick/Preview Content\"";
				DEVELOPMENT_TEAM = CD2URSF64E;
				ENABLE_PREVIEWS = YES;
				GENERATE_INFOPLIST_FILE = YES;
				INFOPLIST_FILE = naturblick/Info.plist;
				INFOPLIST_KEY_LSApplicationCategoryType = "";
				INFOPLIST_KEY_NSCameraUsageDescription = "Naturblick needs camera permission.";
				INFOPLIST_KEY_NSLocationWhenInUseUsageDescription = "Naturblick needs location.";
				INFOPLIST_KEY_NSMicrophoneUsageDescription = "Naturblick needs microphone.";
				INFOPLIST_KEY_NSPhotoLibraryAddUsageDescription = "We want to add your nature photos to the gallery";
				INFOPLIST_KEY_UIApplicationSupportsIndirectInputEvents = YES;
				INFOPLIST_KEY_UILaunchScreen_Generation = YES;
				INFOPLIST_KEY_UIRequiresFullScreen = YES;
				INFOPLIST_KEY_UIStatusBarStyle = UIStatusBarStyleLightContent;
				INFOPLIST_KEY_UISupportedInterfaceOrientations = UIInterfaceOrientationPortrait;
				INFOPLIST_KEY_UISupportsDocumentBrowser = YES;
				IPHONEOS_DEPLOYMENT_TARGET = 15.0;
				LD_RUNPATH_SEARCH_PATHS = (
					"$(inherited)",
					"@executable_path/Frameworks",
				);
				MARKETING_VERSION = 4.0.13;
				PRODUCT_BUNDLE_IDENTIFIER = com.mfnberlin.stadtnaturentdecken.naturblick.debug;
				PRODUCT_NAME = "$(TARGET_NAME)";
				PROVISIONING_PROFILE_SPECIFIER = "";
				SWIFT_EMIT_LOC_STRINGS = YES;
				SWIFT_VERSION = 5.0;
				TARGETED_DEVICE_FAMILY = "1,2";
			};
			name = Debug;
		};
		131E786E29C9BB25000DF928 /* Release */ = {
			isa = XCBuildConfiguration;
			buildSettings = {
				ASSETCATALOG_COMPILER_APPICON_NAME = AppIcon;
				ASSETCATALOG_COMPILER_GLOBAL_ACCENT_COLOR_NAME = AccentColor;
				CODE_SIGN_ENTITLEMENTS = naturblick/naturblick.entitlements;
				CODE_SIGN_IDENTITY = "Apple Development";
				CODE_SIGN_STYLE = Automatic;
				CURRENT_PROJECT_VERSION = 1;
				DEVELOPMENT_ASSET_PATHS = "\"naturblick/Preview Content\"";
				DEVELOPMENT_TEAM = CD2URSF64E;
				ENABLE_PREVIEWS = YES;
				GENERATE_INFOPLIST_FILE = YES;
				INFOPLIST_FILE = naturblick/Info.plist;
				INFOPLIST_KEY_LSApplicationCategoryType = "";
				INFOPLIST_KEY_NSCameraUsageDescription = "Naturblick needs camera permission.";
				INFOPLIST_KEY_NSLocationWhenInUseUsageDescription = "Naturblick needs location.";
				INFOPLIST_KEY_NSMicrophoneUsageDescription = "Naturblick needs microphone.";
				INFOPLIST_KEY_NSPhotoLibraryAddUsageDescription = "We want to add your nature photos to the gallery";
				INFOPLIST_KEY_UIApplicationSupportsIndirectInputEvents = YES;
				INFOPLIST_KEY_UILaunchScreen_Generation = YES;
				INFOPLIST_KEY_UIRequiresFullScreen = YES;
				INFOPLIST_KEY_UIStatusBarStyle = UIStatusBarStyleLightContent;
				INFOPLIST_KEY_UISupportedInterfaceOrientations = UIInterfaceOrientationPortrait;
				INFOPLIST_KEY_UISupportsDocumentBrowser = YES;
				IPHONEOS_DEPLOYMENT_TARGET = 15.0;
				LD_RUNPATH_SEARCH_PATHS = (
					"$(inherited)",
					"@executable_path/Frameworks",
				);
				MARKETING_VERSION = 4.0.13;
				PRODUCT_BUNDLE_IDENTIFIER = com.mfnberlin.stadtnaturentdecken.naturblick;
				PRODUCT_NAME = "$(TARGET_NAME)";
				PROVISIONING_PROFILE_SPECIFIER = "";
				SWIFT_EMIT_LOC_STRINGS = YES;
				SWIFT_VERSION = 5.0;
				TARGETED_DEVICE_FAMILY = "1,2";
			};
			name = Release;
		};
		1343D1D729DD988D0075ACE3 /* Debug */ = {
			isa = XCBuildConfiguration;
			buildSettings = {
				BUNDLE_LOADER = "$(TEST_HOST)";
				CODE_SIGN_STYLE = Automatic;
				CURRENT_PROJECT_VERSION = 1;
				GENERATE_INFOPLIST_FILE = YES;
				MARKETING_VERSION = 1.0;
				PRODUCT_BUNDLE_IDENTIFIER = com.mfnberlin.stadtnaturentdecken.naturblickTests;
				PRODUCT_NAME = "$(TARGET_NAME)";
				SWIFT_EMIT_LOC_STRINGS = NO;
				SWIFT_VERSION = 5.0;
				TARGETED_DEVICE_FAMILY = "1,2";
				TEST_HOST = "$(BUILT_PRODUCTS_DIR)/naturblick.app/$(BUNDLE_EXECUTABLE_FOLDER_PATH)/naturblick";
			};
			name = Debug;
		};
		1343D1D829DD988D0075ACE3 /* Release */ = {
			isa = XCBuildConfiguration;
			buildSettings = {
				BUNDLE_LOADER = "$(TEST_HOST)";
				CODE_SIGN_STYLE = Automatic;
				CURRENT_PROJECT_VERSION = 1;
				GENERATE_INFOPLIST_FILE = YES;
				MARKETING_VERSION = 1.0;
				PRODUCT_BUNDLE_IDENTIFIER = com.mfnberlin.stadtnaturentdecken.naturblickTests;
				PRODUCT_NAME = "$(TARGET_NAME)";
				SWIFT_EMIT_LOC_STRINGS = NO;
				SWIFT_VERSION = 5.0;
				TARGETED_DEVICE_FAMILY = "1,2";
				TEST_HOST = "$(BUILT_PRODUCTS_DIR)/naturblick.app/$(BUNDLE_EXECUTABLE_FOLDER_PATH)/naturblick";
			};
			name = Release;
		};
/* End XCBuildConfiguration section */

/* Begin XCConfigurationList section */
		131E785929C9BB24000DF928 /* Build configuration list for PBXProject "naturblick" */ = {
			isa = XCConfigurationList;
			buildConfigurations = (
				131E786A29C9BB25000DF928 /* Debug */,
				131E786B29C9BB25000DF928 /* Release */,
			);
			defaultConfigurationIsVisible = 0;
			defaultConfigurationName = Release;
		};
		131E786C29C9BB25000DF928 /* Build configuration list for PBXNativeTarget "naturblick" */ = {
			isa = XCConfigurationList;
			buildConfigurations = (
				131E786D29C9BB25000DF928 /* Debug */,
				131E786E29C9BB25000DF928 /* Release */,
			);
			defaultConfigurationIsVisible = 0;
			defaultConfigurationName = Release;
		};
		1343D1D629DD988D0075ACE3 /* Build configuration list for PBXNativeTarget "naturblickTests" */ = {
			isa = XCConfigurationList;
			buildConfigurations = (
				1343D1D729DD988D0075ACE3 /* Debug */,
				1343D1D829DD988D0075ACE3 /* Release */,
			);
			defaultConfigurationIsVisible = 0;
			defaultConfigurationName = Release;
		};
/* End XCConfigurationList section */

/* Begin XCRemoteSwiftPackageReference section */
		13316BDE29C9FAF80077292B /* XCRemoteSwiftPackageReference "SQLite.swift" */ = {
			isa = XCRemoteSwiftPackageReference;
			repositoryURL = "https://github.com/stephencelis/SQLite.swift.git";
			requirement = {
				kind = exactVersion;
				version = 0.14.1;
			};
		};
		136C118929D6E66E00805628 /* XCRemoteSwiftPackageReference "BottomSheet" */ = {
			isa = XCRemoteSwiftPackageReference;
			repositoryURL = "https://github.com/lucaszischka/BottomSheet";
			requirement = {
				kind = upToNextMajorVersion;
				minimumVersion = 3.0.0;
			};
		};
		13BA832A29CB1BAB003FFE07 /* XCRemoteSwiftPackageReference "SwiftLint" */ = {
			isa = XCRemoteSwiftPackageReference;
			repositoryURL = "https://github.com/realm/SwiftLint";
			requirement = {
				branch = main;
				kind = branch;
			};
		};
		7BB350D92A2A32A8005065E4 /* XCRemoteSwiftPackageReference "Mantis" */ = {
			isa = XCRemoteSwiftPackageReference;
			repositoryURL = "https://github.com/guoyingtao/Mantis.git";
			requirement = {
				kind = exactVersion;
				version = 2.10.0;
			};
		};
/* End XCRemoteSwiftPackageReference section */

/* Begin XCSwiftPackageProductDependency section */
		13316BDF29C9FAF80077292B /* SQLite */ = {
			isa = XCSwiftPackageProductDependency;
			package = 13316BDE29C9FAF80077292B /* XCRemoteSwiftPackageReference "SQLite.swift" */;
			productName = SQLite;
		};
		136C118A29D6E66E00805628 /* BottomSheet */ = {
			isa = XCSwiftPackageProductDependency;
			package = 136C118929D6E66E00805628 /* XCRemoteSwiftPackageReference "BottomSheet" */;
			productName = BottomSheet;
		};
		7BB350DA2A2A32A8005065E4 /* Mantis */ = {
			isa = XCSwiftPackageProductDependency;
			package = 7BB350D92A2A32A8005065E4 /* XCRemoteSwiftPackageReference "Mantis" */;
			productName = Mantis;
		};
/* End XCSwiftPackageProductDependency section */
	};
	rootObject = 131E785629C9BB24000DF928 /* Project object */;
}
